// !$*UTF8*$!
{
	archiveVersion = 1;
	classes = {
	};
	objectVersion = 50;
	objects = {

/* Begin PBXBuildFile section */
		914428B22678AF5A00BDEDA5 /* VoiceController.swift in Sources */ = {isa = PBXBuildFile; fileRef = 914428B12678AF5A00BDEDA5 /* VoiceController.swift */; };
		91A77118267755EB00314D55 /* StepByStepSlide.swift in Sources */ = {isa = PBXBuildFile; fileRef = 91A77117267755EB00314D55 /* StepByStepSlide.swift */; };
		BF0624DB266DF6A100E8D217 /* Categories+CoreDataClass.swift in Sources */ = {isa = PBXBuildFile; fileRef = BF0624D9266DF6A100E8D217 /* Categories+CoreDataClass.swift */; };
		BF0624DC266DF6A100E8D217 /* Categories+CoreDataProperties.swift in Sources */ = {isa = PBXBuildFile; fileRef = BF0624DA266DF6A100E8D217 /* Categories+CoreDataProperties.swift */; };
		BF0E187F26813A2800105451 /* SearchKuViewController.swift in Sources */ = {isa = PBXBuildFile; fileRef = BF0E187E26813A2800105451 /* SearchKuViewController.swift */; };
		BF0E188126813A3000105451 /* Search.storyboard in Resources */ = {isa = PBXBuildFile; fileRef = BF0E188026813A3000105451 /* Search.storyboard */; };
		BF0E18852681443600105451 /* InfoDetail.storyboard in Resources */ = {isa = PBXBuildFile; fileRef = BF0E18842681443600105451 /* InfoDetail.storyboard */; };
		BF0E188A268164FA00105451 /* category_Beef.json in Resources */ = {isa = PBXBuildFile; fileRef = BF0E1886268164FA00105451 /* category_Beef.json */; };
		BF0E188B268164FA00105451 /* category_Veggies.json in Resources */ = {isa = PBXBuildFile; fileRef = BF0E1887268164FA00105451 /* category_Veggies.json */; };
		BF0E188C268164FA00105451 /* category_Chicken.json in Resources */ = {isa = PBXBuildFile; fileRef = BF0E1888268164FA00105451 /* category_Chicken.json */; };
		BF0E188D268164FA00105451 /* category_Fruit.json in Resources */ = {isa = PBXBuildFile; fileRef = BF0E1889268164FA00105451 /* category_Fruit.json */; };
		BF0E188F2681650C00105451 /* JsonModel.swift in Sources */ = {isa = PBXBuildFile; fileRef = BF0E188E2681650C00105451 /* JsonModel.swift */; };
		BF0E189426816A5C00105451 /* fruit.json in Resources */ = {isa = PBXBuildFile; fileRef = BF0E189026816A5C00105451 /* fruit.json */; };
		BF0E189526816A5C00105451 /* chicken.json in Resources */ = {isa = PBXBuildFile; fileRef = BF0E189126816A5C00105451 /* chicken.json */; };
		BF0E189626816A5C00105451 /* veggies.json in Resources */ = {isa = PBXBuildFile; fileRef = BF0E189226816A5C00105451 /* veggies.json */; };
		BF0E189726816A5C00105451 /* beef.json in Resources */ = {isa = PBXBuildFile; fileRef = BF0E189326816A5C00105451 /* beef.json */; };
		BF0E189A268172DA00105451 /* VoiceViewController.swift in Sources */ = {isa = PBXBuildFile; fileRef = BF0E1899268172DA00105451 /* VoiceViewController.swift */; };
		BF67706C2669FE8500DFF9BE /* AppDelegate.swift in Sources */ = {isa = PBXBuildFile; fileRef = BF67706B2669FE8500DFF9BE /* AppDelegate.swift */; };
		BF67706E2669FE8500DFF9BE /* SceneDelegate.swift in Sources */ = {isa = PBXBuildFile; fileRef = BF67706D2669FE8500DFF9BE /* SceneDelegate.swift */; };
		BF6770702669FE8500DFF9BE /* HomePageViewController.swift in Sources */ = {isa = PBXBuildFile; fileRef = BF67706F2669FE8500DFF9BE /* HomePageViewController.swift */; };
		BF6770732669FE8500DFF9BE /* AnotherMain.storyboard in Resources */ = {isa = PBXBuildFile; fileRef = BF6770712669FE8500DFF9BE /* AnotherMain.storyboard */; };
		BF6770762669FE8500DFF9BE /* PrepZ.xcdatamodeld in Sources */ = {isa = PBXBuildFile; fileRef = BF6770742669FE8500DFF9BE /* PrepZ.xcdatamodeld */; };
		BF6770782669FE8500DFF9BE /* Assets.xcassets in Resources */ = {isa = PBXBuildFile; fileRef = BF6770772669FE8500DFF9BE /* Assets.xcassets */; };
		BF6770862669FE8500DFF9BE /* PrepZTests.swift in Sources */ = {isa = PBXBuildFile; fileRef = BF6770852669FE8500DFF9BE /* PrepZTests.swift */; };
		BF6770912669FE8500DFF9BE /* PrepZUITests.swift in Sources */ = {isa = PBXBuildFile; fileRef = BF6770902669FE8500DFF9BE /* PrepZUITests.swift */; };
		BF6770A0266A044900DFF9BE /* Categories.storyboard in Resources */ = {isa = PBXBuildFile; fileRef = BF67709E266A044900DFF9BE /* Categories.storyboard */; };
		BF6770A2266A046C00DFF9BE /* CategoriesViewController.swift in Sources */ = {isa = PBXBuildFile; fileRef = BF6770A1266A046C00DFF9BE /* CategoriesViewController.swift */; };
		BF6770A4266A08D500DFF9BE /* Preview.storyboard in Resources */ = {isa = PBXBuildFile; fileRef = BF6770A3266A08D500DFF9BE /* Preview.storyboard */; };
		BF6770B1266A0EBD00DFF9BE /* SearchViewController.swift in Sources */ = {isa = PBXBuildFile; fileRef = BF6770B0266A0EBD00DFF9BE /* SearchViewController.swift */; };
		BF76DAA12680855200B10706 /* How to Keep Apples from Turning Brown in the Lunchbox +  Homemade Apple Cups.mp4 in Resources */ = {isa = PBXBuildFile; fileRef = BF76DA592680853F00B10706 /* How to Keep Apples from Turning Brown in the Lunchbox +  Homemade Apple Cups.mp4 */; };
		BF76DAA22680855200B10706 /* Apple_Step4.mp4 in Resources */ = {isa = PBXBuildFile; fileRef = BF76DA5A2680853F00B10706 /* Apple_Step4.mp4 */; };
		BF76DAA32680855200B10706 /* Apple_Step1.mp4 in Resources */ = {isa = PBXBuildFile; fileRef = BF76DA5B2680853F00B10706 /* Apple_Step1.mp4 */; };
		BF76DAA42680855200B10706 /* Apple_Step2.mp4 in Resources */ = {isa = PBXBuildFile; fileRef = BF76DA5C2680853F00B10706 /* Apple_Step2.mp4 */; };
		BF76DAA52680855200B10706 /* Apple_Step3.mp4 in Resources */ = {isa = PBXBuildFile; fileRef = BF76DA5D2680853F00B10706 /* Apple_Step3.mp4 */; };
		BF76DAA62680855200B10706 /* How to Preserve Avocados_480p.mp4 in Resources */ = {isa = PBXBuildFile; fileRef = BF76DA5F2680853F00B10706 /* How to Preserve Avocados_480p.mp4 */; };
		BF76DAA72680855200B10706 /* Avocado_Step4.mp4 in Resources */ = {isa = PBXBuildFile; fileRef = BF76DA602680853F00B10706 /* Avocado_Step4.mp4 */; };
		BF76DAA82680855200B10706 /* Avocado_Step3.mp4 in Resources */ = {isa = PBXBuildFile; fileRef = BF76DA612680853F00B10706 /* Avocado_Step3.mp4 */; };
		BF76DAA92680855200B10706 /* Avocado_Step2.mp4 in Resources */ = {isa = PBXBuildFile; fileRef = BF76DA622680853F00B10706 /* Avocado_Step2.mp4 */; };
		BF76DAAA2680855200B10706 /* Avocado_Step1.mp4 in Resources */ = {isa = PBXBuildFile; fileRef = BF76DA632680853F00B10706 /* Avocado_Step1.mp4 */; };
		BF76DAAB2680855200B10706 /* Watermelon_Step2.mp4 in Resources */ = {isa = PBXBuildFile; fileRef = BF76DA652680853F00B10706 /* Watermelon_Step2.mp4 */; };
		BF76DAAC2680855200B10706 /* Watermelon_Step3.mp4 in Resources */ = {isa = PBXBuildFile; fileRef = BF76DA662680853F00B10706 /* Watermelon_Step3.mp4 */; };
		BF76DAAD2680855200B10706 /* Watermelon_Step1.mp4 in Resources */ = {isa = PBXBuildFile; fileRef = BF76DA672680853F00B10706 /* Watermelon_Step1.mp4 */; };
		BF76DAAE2680855200B10706 /* Watermelon_Step4.mp4 in Resources */ = {isa = PBXBuildFile; fileRef = BF76DA682680853F00B10706 /* Watermelon_Step4.mp4 */; };
		BF76DAAF2680855200B10706 /* How to Cut a Watermelon  eTundra_480p.mp4 in Resources */ = {isa = PBXBuildFile; fileRef = BF76DA692680853F00B10706 /* How to Cut a Watermelon  eTundra_480p.mp4 */; };
		BF76DAB02680855200B10706 /* How To Cut And Dice A Mango_480p.mp4 in Resources */ = {isa = PBXBuildFile; fileRef = BF76DA6B2680853F00B10706 /* How To Cut And Dice A Mango_480p.mp4 */; };
		BF76DAB12680855200B10706 /* Mango_Step4.mp4 in Resources */ = {isa = PBXBuildFile; fileRef = BF76DA6C2680853F00B10706 /* Mango_Step4.mp4 */; };
		BF76DAB22680855200B10706 /* Mango_Step1.mp4 in Resources */ = {isa = PBXBuildFile; fileRef = BF76DA6D2680853F00B10706 /* Mango_Step1.mp4 */; };
		BF76DAB32680855200B10706 /* Mango_Step3.mp4 in Resources */ = {isa = PBXBuildFile; fileRef = BF76DA6E2680853F00B10706 /* Mango_Step3.mp4 */; };
		BF76DAB42680855200B10706 /* Mango_Step2.mp4 in Resources */ = {isa = PBXBuildFile; fileRef = BF76DA6F2680853F00B10706 /* Mango_Step2.mp4 */; };
		BF76DAB52680855200B10706 /* spinach_Step3.mp4 in Resources */ = {isa = PBXBuildFile; fileRef = BF76DA722680854000B10706 /* spinach_Step3.mp4 */; };
		BF76DAB62680855200B10706 /* spinach_Step2.mp4 in Resources */ = {isa = PBXBuildFile; fileRef = BF76DA732680854000B10706 /* spinach_Step2.mp4 */; };
		BF76DAB72680855200B10706 /* spinach_Step1.mp4 in Resources */ = {isa = PBXBuildFile; fileRef = BF76DA742680854000B10706 /* spinach_Step1.mp4 */; };
		BF76DAB82680855200B10706 /* bokChoy_Step2.mp4 in Resources */ = {isa = PBXBuildFile; fileRef = BF76DA762680854000B10706 /* bokChoy_Step2.mp4 */; };
		BF76DAB92680855200B10706 /* bokChoy_Step5.mp4 in Resources */ = {isa = PBXBuildFile; fileRef = BF76DA772680854000B10706 /* bokChoy_Step5.mp4 */; };
		BF76DABA2680855200B10706 /* bokChoy_Step4.mp4 in Resources */ = {isa = PBXBuildFile; fileRef = BF76DA782680854000B10706 /* bokChoy_Step4.mp4 */; };
		BF76DABB2680855200B10706 /* BeefDefrost_Step1.mp4 in Resources */ = {isa = PBXBuildFile; fileRef = BF76DA7B2680855000B10706 /* BeefDefrost_Step1.mp4 */; };
		BF76DABC2680855200B10706 /* BeefDefrost_Step2.mp4 in Resources */ = {isa = PBXBuildFile; fileRef = BF76DA7C2680855000B10706 /* BeefDefrost_Step2.mp4 */; };
		BF76DABD2680855200B10706 /* How to Defrost Meat Quickly & Safely.mp4 in Resources */ = {isa = PBXBuildFile; fileRef = BF76DA7D2680855000B10706 /* How to Defrost Meat Quickly & Safely.mp4 */; };
		BF76DABE2680855200B10706 /* How to Debone And Roll a Rib of Beef | Tesco Food.mp4 in Resources */ = {isa = PBXBuildFile; fileRef = BF76DA7F2680855000B10706 /* How to Debone And Roll a Rib of Beef | Tesco Food.mp4 */; };
		BF76DABF2680855200B10706 /* RibBoning_Step1.mp4 in Resources */ = {isa = PBXBuildFile; fileRef = BF76DA802680855000B10706 /* RibBoning_Step1.mp4 */; };
		BF76DAC02680855200B10706 /* RibBoning_Step2.mp4 in Resources */ = {isa = PBXBuildFile; fileRef = BF76DA812680855000B10706 /* RibBoning_Step2.mp4 */; };
		BF76DAC12680855200B10706 /* How to Dry Age Steak at Home | No Equipment Dry Aging.mp4 in Resources */ = {isa = PBXBuildFile; fileRef = BF76DA832680855000B10706 /* How to Dry Age Steak at Home | No Equipment Dry Aging.mp4 */; };
		BF76DAC22680855200B10706 /* DryAgingBeef_Step4.mp4 in Resources */ = {isa = PBXBuildFile; fileRef = BF76DA842680855000B10706 /* DryAgingBeef_Step4.mp4 */; };
		BF76DAC32680855200B10706 /* DryAgingBeef_Step1.mp4 in Resources */ = {isa = PBXBuildFile; fileRef = BF76DA852680855000B10706 /* DryAgingBeef_Step1.mp4 */; };
		BF76DAC42680855200B10706 /* DryAgingBeef_Step3.mp4 in Resources */ = {isa = PBXBuildFile; fileRef = BF76DA862680855000B10706 /* DryAgingBeef_Step3.mp4 */; };
		BF76DAC52680855200B10706 /* DryAgingBeef_Step2.mp4 in Resources */ = {isa = PBXBuildFile; fileRef = BF76DA872680855000B10706 /* DryAgingBeef_Step2.mp4 */; };
		BF76DAC62680855200B10706 /* How To Butcher A Beef Tenderloin.mp4 in Resources */ = {isa = PBXBuildFile; fileRef = BF76DA892680855000B10706 /* How To Butcher A Beef Tenderloin.mp4 */; };
		BF76DAC72680855200B10706 /* TrimmingTenderloin_Step2.mp4 in Resources */ = {isa = PBXBuildFile; fileRef = BF76DA8A2680855000B10706 /* TrimmingTenderloin_Step2.mp4 */; };
		BF76DAC82680855200B10706 /* TrimmingTenderloin_Step1.mp4 in Resources */ = {isa = PBXBuildFile; fileRef = BF76DA8B2680855000B10706 /* TrimmingTenderloin_Step1.mp4 */; };
		BF76DAC92680855200B10706 /* RibFrenching_Step2.mp4 in Resources */ = {isa = PBXBuildFile; fileRef = BF76DA8D2680855000B10706 /* RibFrenching_Step2.mp4 */; };
		BF76DACA2680855200B10706 /* RibFrenching_Step1.mp4 in Resources */ = {isa = PBXBuildFile; fileRef = BF76DA8E2680855000B10706 /* RibFrenching_Step1.mp4 */; };
		BF76DACB2680855200B10706 /* Gordon Ramsay Demonstrates How To French Trim A Rack Of Lamb | Season 8 Ep. 6 | MASTERCHEF.mp4 in Resources */ = {isa = PBXBuildFile; fileRef = BF76DA8F2680855000B10706 /* Gordon Ramsay Demonstrates How To French Trim A Rack Of Lamb | Season 8 Ep. 6 | MASTERCHEF.mp4 */; };
		BF76DACC2680855200B10706 /* Cooking Tips_ How To Tenderize ANY Meat!.mp4 in Resources */ = {isa = PBXBuildFile; fileRef = BF76DA912680855000B10706 /* Cooking Tips_ How To Tenderize ANY Meat!.mp4 */; };
		BF76DACD2680855200B10706 /* BeefPowdering_Step3.mp4 in Resources */ = {isa = PBXBuildFile; fileRef = BF76DA922680855000B10706 /* BeefPowdering_Step3.mp4 */; };
		BF76DACE2680855200B10706 /* BeefPowdering_Step2.mp4 in Resources */ = {isa = PBXBuildFile; fileRef = BF76DA932680855000B10706 /* BeefPowdering_Step2.mp4 */; };
		BF76DACF2680855200B10706 /* BeefPowdering_Step1.mp4 in Resources */ = {isa = PBXBuildFile; fileRef = BF76DA942680855000B10706 /* BeefPowdering_Step1.mp4 */; };
		BF76DAD02680855200B10706 /* brining_Step2.mp4 in Resources */ = {isa = PBXBuildFile; fileRef = BF76DA972680855200B10706 /* brining_Step2.mp4 */; };
		BF76DAD12680855200B10706 /* brining_Step3.mp4 in Resources */ = {isa = PBXBuildFile; fileRef = BF76DA982680855200B10706 /* brining_Step3.mp4 */; };
		BF76DAD22680855200B10706 /* brining_Step1.mp4 in Resources */ = {isa = PBXBuildFile; fileRef = BF76DA992680855200B10706 /* brining_Step1.mp4 */; };
		BF76DAD32680855200B10706 /* brining_Step4.mp4 in Resources */ = {isa = PBXBuildFile; fileRef = BF76DA9A2680855200B10706 /* brining_Step4.mp4 */; };
		BF76DAD42680855200B10706 /* sectioningChicken_Step3.mp4 in Resources */ = {isa = PBXBuildFile; fileRef = BF76DA9C2680855200B10706 /* sectioningChicken_Step3.mp4 */; };
		BF76DAD52680855200B10706 /* sectioningChicken_Step5 .mp4 in Resources */ = {isa = PBXBuildFile; fileRef = BF76DA9D2680855200B10706 /* sectioningChicken_Step5 .mp4 */; };
		BF76DAD62680855200B10706 /* sectioningChicken_Step2.mp4 in Resources */ = {isa = PBXBuildFile; fileRef = BF76DA9E2680855200B10706 /* sectioningChicken_Step2.mp4 */; };
		BF76DAD72680855200B10706 /* sectioningChicken_Step1.mp4 in Resources */ = {isa = PBXBuildFile; fileRef = BF76DA9F2680855200B10706 /* sectioningChicken_Step1.mp4 */; };
		BF76DAD82680855200B10706 /* sectioningChicken_Step4.mp4 in Resources */ = {isa = PBXBuildFile; fileRef = BF76DAA02680855200B10706 /* sectioningChicken_Step4.mp4 */; };
		BF76DADD268086D200B10706 /* IngredientViewController.swift in Sources */ = {isa = PBXBuildFile; fileRef = BF76DADA268086D200B10706 /* IngredientViewController.swift */; };
		BF76DADE268086D200B10706 /* PreviewViewController.swift in Sources */ = {isa = PBXBuildFile; fileRef = BF76DADB268086D200B10706 /* PreviewViewController.swift */; };
		BF76DADF268086D200B10706 /* ViewController.swift in Sources */ = {isa = PBXBuildFile; fileRef = BF76DADC268086D200B10706 /* ViewController.swift */; };
		BF76DAE5268086E500B10706 /* OnBoardingCollectionViewCell.swift in Sources */ = {isa = PBXBuildFile; fileRef = BF76DAE1268086E500B10706 /* OnBoardingCollectionViewCell.swift */; };
		BF76DAE6268086E500B10706 /* OnBoarding.storyboard in Resources */ = {isa = PBXBuildFile; fileRef = BF76DAE2268086E500B10706 /* OnBoarding.storyboard */; };
		BF76DAE7268086E500B10706 /* OnBoardingViewController.swift in Sources */ = {isa = PBXBuildFile; fileRef = BF76DAE3268086E500B10706 /* OnBoardingViewController.swift */; };
		BF76DAE8268086E500B10706 /* OnBoardingSlide.swift in Sources */ = {isa = PBXBuildFile; fileRef = BF76DAE4268086E500B10706 /* OnBoardingSlide.swift */; };
		BF76DAFC268088AC00B10706 /* RecentlyCollectionViewCell.swift in Sources */ = {isa = PBXBuildFile; fileRef = BF76DAEC268088AC00B10706 /* RecentlyCollectionViewCell.swift */; };
		BF76DAFD268088AC00B10706 /* RecentlyCollectionViewCell.xib in Resources */ = {isa = PBXBuildFile; fileRef = BF76DAED268088AC00B10706 /* RecentlyCollectionViewCell.xib */; };
		BF76DAFE268088AC00B10706 /* CategoryTableViewCell.swift in Sources */ = {isa = PBXBuildFile; fileRef = BF76DAF0268088AC00B10706 /* CategoryTableViewCell.swift */; };
		BF76DAFF268088AC00B10706 /* CategoryTableViewCell.xib in Resources */ = {isa = PBXBuildFile; fileRef = BF76DAF1268088AC00B10706 /* CategoryTableViewCell.xib */; };
		BF76DB00268088AC00B10706 /* FactTableViewCell.swift in Sources */ = {isa = PBXBuildFile; fileRef = BF76DAF3268088AC00B10706 /* FactTableViewCell.swift */; };
		BF76DB01268088AC00B10706 /* FactTableViewCell.xib in Resources */ = {isa = PBXBuildFile; fileRef = BF76DAF4268088AC00B10706 /* FactTableViewCell.xib */; };
		BF76DB02268088AC00B10706 /* ProductTableViewCell.swift in Sources */ = {isa = PBXBuildFile; fileRef = BF76DAF6268088AC00B10706 /* ProductTableViewCell.swift */; };
		BF76DB03268088AC00B10706 /* ProductTableViewCell.xib in Resources */ = {isa = PBXBuildFile; fileRef = BF76DAF7268088AC00B10706 /* ProductTableViewCell.xib */; };
		BF76DB04268088AC00B10706 /* StepByStepViewController.swift in Sources */ = {isa = PBXBuildFile; fileRef = BF76DAF9268088AC00B10706 /* StepByStepViewController.swift */; };
		BF76DB05268088AC00B10706 /* StepByStep.storyboard in Resources */ = {isa = PBXBuildFile; fileRef = BF76DAFA268088AC00B10706 /* StepByStep.storyboard */; };
		BF76DB06268088AC00B10706 /* StepByStepCollectionViewCell.swift in Sources */ = {isa = PBXBuildFile; fileRef = BF76DAFB268088AC00B10706 /* StepByStepCollectionViewCell.swift */; };
		BF76DB082680895900B10706 /* StretchyTableHeaderView.swift in Sources */ = {isa = PBXBuildFile; fileRef = BF76DB072680895900B10706 /* StretchyTableHeaderView.swift */; };
		BF76DB96268089AF00B10706 /* categoryProduct.json in Resources */ = {isa = PBXBuildFile; fileRef = BF76DB59268089AF00B10706 /* categoryProduct.json */; };
		BF76DB9826808A6A00B10706 /* LaunchScreen.storyboard in Resources */ = {isa = PBXBuildFile; fileRef = BF76DB9726808A6A00B10706 /* LaunchScreen.storyboard */; };
		BF76DB9A26808A8500B10706 /* Main.storyboard in Resources */ = {isa = PBXBuildFile; fileRef = BF76DB9926808A8500B10706 /* Main.storyboard */; };
		BFBD2D562671AC6200481A35 /* CategoriesCollectionViewCell.swift in Sources */ = {isa = PBXBuildFile; fileRef = BFBD2D542671AC6200481A35 /* CategoriesCollectionViewCell.swift */; };
		BFBD2D572671AC6200481A35 /* CategoriesCollectionViewCell.xib in Resources */ = {isa = PBXBuildFile; fileRef = BFBD2D552671AC6200481A35 /* CategoriesCollectionViewCell.xib */; };
/* End PBXBuildFile section */

/* Begin PBXContainerItemProxy section */
		BF6770822669FE8500DFF9BE /* PBXContainerItemProxy */ = {
			isa = PBXContainerItemProxy;
			containerPortal = BF6770602669FE8400DFF9BE /* Project object */;
			proxyType = 1;
			remoteGlobalIDString = BF6770672669FE8400DFF9BE;
			remoteInfo = PrepZ;
		};
		BF67708D2669FE8500DFF9BE /* PBXContainerItemProxy */ = {
			isa = PBXContainerItemProxy;
			containerPortal = BF6770602669FE8400DFF9BE /* Project object */;
			proxyType = 1;
			remoteGlobalIDString = BF6770672669FE8400DFF9BE;
			remoteInfo = PrepZ;
		};
/* End PBXContainerItemProxy section */

/* Begin PBXFileReference section */
		914428B12678AF5A00BDEDA5 /* VoiceController.swift */ = {isa = PBXFileReference; lastKnownFileType = sourcecode.swift; path = VoiceController.swift; sourceTree = "<group>"; };
		91A77117267755EB00314D55 /* StepByStepSlide.swift */ = {isa = PBXFileReference; lastKnownFileType = sourcecode.swift; path = StepByStepSlide.swift; sourceTree = "<group>"; };
		BF0624D9266DF6A100E8D217 /* Categories+CoreDataClass.swift */ = {isa = PBXFileReference; lastKnownFileType = sourcecode.swift; path = "Categories+CoreDataClass.swift"; sourceTree = "<group>"; };
		BF0624DA266DF6A100E8D217 /* Categories+CoreDataProperties.swift */ = {isa = PBXFileReference; lastKnownFileType = sourcecode.swift; path = "Categories+CoreDataProperties.swift"; sourceTree = "<group>"; };
		BF0E187E26813A2800105451 /* SearchKuViewController.swift */ = {isa = PBXFileReference; fileEncoding = 4; lastKnownFileType = sourcecode.swift; path = SearchKuViewController.swift; sourceTree = "<group>"; };
		BF0E188026813A3000105451 /* Search.storyboard */ = {isa = PBXFileReference; fileEncoding = 4; lastKnownFileType = file.storyboard; path = Search.storyboard; sourceTree = "<group>"; };
		BF0E18842681443600105451 /* InfoDetail.storyboard */ = {isa = PBXFileReference; fileEncoding = 4; lastKnownFileType = file.storyboard; path = InfoDetail.storyboard; sourceTree = "<group>"; };
		BF0E1886268164FA00105451 /* category_Beef.json */ = {isa = PBXFileReference; fileEncoding = 4; lastKnownFileType = text.json; path = category_Beef.json; sourceTree = "<group>"; };
		BF0E1887268164FA00105451 /* category_Veggies.json */ = {isa = PBXFileReference; fileEncoding = 4; lastKnownFileType = text.json; path = category_Veggies.json; sourceTree = "<group>"; };
		BF0E1888268164FA00105451 /* category_Chicken.json */ = {isa = PBXFileReference; fileEncoding = 4; lastKnownFileType = text.json; path = category_Chicken.json; sourceTree = "<group>"; };
		BF0E1889268164FA00105451 /* category_Fruit.json */ = {isa = PBXFileReference; fileEncoding = 4; lastKnownFileType = text.json; path = category_Fruit.json; sourceTree = "<group>"; };
		BF0E188E2681650C00105451 /* JsonModel.swift */ = {isa = PBXFileReference; lastKnownFileType = sourcecode.swift; path = JsonModel.swift; sourceTree = "<group>"; };
		BF0E189026816A5C00105451 /* fruit.json */ = {isa = PBXFileReference; fileEncoding = 4; lastKnownFileType = text.json; path = fruit.json; sourceTree = "<group>"; };
		BF0E189126816A5C00105451 /* chicken.json */ = {isa = PBXFileReference; fileEncoding = 4; lastKnownFileType = text.json; path = chicken.json; sourceTree = "<group>"; };
		BF0E189226816A5C00105451 /* veggies.json */ = {isa = PBXFileReference; fileEncoding = 4; lastKnownFileType = text.json; path = veggies.json; sourceTree = "<group>"; };
		BF0E189326816A5C00105451 /* beef.json */ = {isa = PBXFileReference; fileEncoding = 4; lastKnownFileType = text.json; path = beef.json; sourceTree = "<group>"; };
		BF0E1899268172DA00105451 /* VoiceViewController.swift */ = {isa = PBXFileReference; fileEncoding = 4; lastKnownFileType = sourcecode.swift; path = VoiceViewController.swift; sourceTree = "<group>"; };
		BF6770682669FE8400DFF9BE /* PrepZ.app */ = {isa = PBXFileReference; explicitFileType = wrapper.application; includeInIndex = 0; path = PrepZ.app; sourceTree = BUILT_PRODUCTS_DIR; };
		BF67706B2669FE8500DFF9BE /* AppDelegate.swift */ = {isa = PBXFileReference; lastKnownFileType = sourcecode.swift; path = AppDelegate.swift; sourceTree = "<group>"; };
		BF67706D2669FE8500DFF9BE /* SceneDelegate.swift */ = {isa = PBXFileReference; lastKnownFileType = sourcecode.swift; path = SceneDelegate.swift; sourceTree = "<group>"; };
		BF67706F2669FE8500DFF9BE /* HomePageViewController.swift */ = {isa = PBXFileReference; lastKnownFileType = sourcecode.swift; path = HomePageViewController.swift; sourceTree = "<group>"; };
		BF6770722669FE8500DFF9BE /* Base */ = {isa = PBXFileReference; lastKnownFileType = file.storyboard; name = Base; path = Base.lproj/AnotherMain.storyboard; sourceTree = "<group>"; };
		BF6770752669FE8500DFF9BE /* PrepZ.xcdatamodel */ = {isa = PBXFileReference; lastKnownFileType = wrapper.xcdatamodel; path = PrepZ.xcdatamodel; sourceTree = "<group>"; };
		BF6770772669FE8500DFF9BE /* Assets.xcassets */ = {isa = PBXFileReference; lastKnownFileType = folder.assetcatalog; path = Assets.xcassets; sourceTree = "<group>"; };
		BF67707C2669FE8500DFF9BE /* Info.plist */ = {isa = PBXFileReference; lastKnownFileType = text.plist.xml; path = Info.plist; sourceTree = "<group>"; };
		BF6770812669FE8500DFF9BE /* PrepZTests.xctest */ = {isa = PBXFileReference; explicitFileType = wrapper.cfbundle; includeInIndex = 0; path = PrepZTests.xctest; sourceTree = BUILT_PRODUCTS_DIR; };
		BF6770852669FE8500DFF9BE /* PrepZTests.swift */ = {isa = PBXFileReference; lastKnownFileType = sourcecode.swift; path = PrepZTests.swift; sourceTree = "<group>"; };
		BF6770872669FE8500DFF9BE /* Info.plist */ = {isa = PBXFileReference; lastKnownFileType = text.plist.xml; path = Info.plist; sourceTree = "<group>"; };
		BF67708C2669FE8500DFF9BE /* PrepZUITests.xctest */ = {isa = PBXFileReference; explicitFileType = wrapper.cfbundle; includeInIndex = 0; path = PrepZUITests.xctest; sourceTree = BUILT_PRODUCTS_DIR; };
		BF6770902669FE8500DFF9BE /* PrepZUITests.swift */ = {isa = PBXFileReference; lastKnownFileType = sourcecode.swift; path = PrepZUITests.swift; sourceTree = "<group>"; };
		BF6770922669FE8500DFF9BE /* Info.plist */ = {isa = PBXFileReference; lastKnownFileType = text.plist.xml; path = Info.plist; sourceTree = "<group>"; };
		BF67709F266A044900DFF9BE /* Base */ = {isa = PBXFileReference; lastKnownFileType = file.storyboard; name = Base; path = PrepZ/Base.lproj/Categories.storyboard; sourceTree = "<group>"; };
		BF6770A1266A046C00DFF9BE /* CategoriesViewController.swift */ = {isa = PBXFileReference; lastKnownFileType = sourcecode.swift; path = CategoriesViewController.swift; sourceTree = "<group>"; };
		BF6770A3266A08D500DFF9BE /* Preview.storyboard */ = {isa = PBXFileReference; lastKnownFileType = file.storyboard; path = Preview.storyboard; sourceTree = "<group>"; };
		BF6770B0266A0EBD00DFF9BE /* SearchViewController.swift */ = {isa = PBXFileReference; lastKnownFileType = sourcecode.swift; path = SearchViewController.swift; sourceTree = "<group>"; };
		BF76DA592680853F00B10706 /* How to Keep Apples from Turning Brown in the Lunchbox +  Homemade Apple Cups.mp4 */ = {isa = PBXFileReference; lastKnownFileType = file; path = "How to Keep Apples from Turning Brown in the Lunchbox +  Homemade Apple Cups.mp4"; sourceTree = "<group>"; };
		BF76DA5A2680853F00B10706 /* Apple_Step4.mp4 */ = {isa = PBXFileReference; lastKnownFileType = file; path = Apple_Step4.mp4; sourceTree = "<group>"; };
		BF76DA5B2680853F00B10706 /* Apple_Step1.mp4 */ = {isa = PBXFileReference; lastKnownFileType = file; path = Apple_Step1.mp4; sourceTree = "<group>"; };
		BF76DA5C2680853F00B10706 /* Apple_Step2.mp4 */ = {isa = PBXFileReference; lastKnownFileType = file; path = Apple_Step2.mp4; sourceTree = "<group>"; };
		BF76DA5D2680853F00B10706 /* Apple_Step3.mp4 */ = {isa = PBXFileReference; lastKnownFileType = file; path = Apple_Step3.mp4; sourceTree = "<group>"; };
		BF76DA5F2680853F00B10706 /* How to Preserve Avocados_480p.mp4 */ = {isa = PBXFileReference; lastKnownFileType = file; path = "How to Preserve Avocados_480p.mp4"; sourceTree = "<group>"; };
		BF76DA602680853F00B10706 /* Avocado_Step4.mp4 */ = {isa = PBXFileReference; lastKnownFileType = file; path = Avocado_Step4.mp4; sourceTree = "<group>"; };
		BF76DA612680853F00B10706 /* Avocado_Step3.mp4 */ = {isa = PBXFileReference; lastKnownFileType = file; path = Avocado_Step3.mp4; sourceTree = "<group>"; };
		BF76DA622680853F00B10706 /* Avocado_Step2.mp4 */ = {isa = PBXFileReference; lastKnownFileType = file; path = Avocado_Step2.mp4; sourceTree = "<group>"; };
		BF76DA632680853F00B10706 /* Avocado_Step1.mp4 */ = {isa = PBXFileReference; lastKnownFileType = file; path = Avocado_Step1.mp4; sourceTree = "<group>"; };
		BF76DA652680853F00B10706 /* Watermelon_Step2.mp4 */ = {isa = PBXFileReference; lastKnownFileType = file; path = Watermelon_Step2.mp4; sourceTree = "<group>"; };
		BF76DA662680853F00B10706 /* Watermelon_Step3.mp4 */ = {isa = PBXFileReference; lastKnownFileType = file; path = Watermelon_Step3.mp4; sourceTree = "<group>"; };
		BF76DA672680853F00B10706 /* Watermelon_Step1.mp4 */ = {isa = PBXFileReference; lastKnownFileType = file; path = Watermelon_Step1.mp4; sourceTree = "<group>"; };
		BF76DA682680853F00B10706 /* Watermelon_Step4.mp4 */ = {isa = PBXFileReference; lastKnownFileType = file; path = Watermelon_Step4.mp4; sourceTree = "<group>"; };
		BF76DA692680853F00B10706 /* How to Cut a Watermelon  eTundra_480p.mp4 */ = {isa = PBXFileReference; lastKnownFileType = file; path = "How to Cut a Watermelon  eTundra_480p.mp4"; sourceTree = "<group>"; };
		BF76DA6B2680853F00B10706 /* How To Cut And Dice A Mango_480p.mp4 */ = {isa = PBXFileReference; lastKnownFileType = file; path = "How To Cut And Dice A Mango_480p.mp4"; sourceTree = "<group>"; };
		BF76DA6C2680853F00B10706 /* Mango_Step4.mp4 */ = {isa = PBXFileReference; lastKnownFileType = file; path = Mango_Step4.mp4; sourceTree = "<group>"; };
		BF76DA6D2680853F00B10706 /* Mango_Step1.mp4 */ = {isa = PBXFileReference; lastKnownFileType = file; path = Mango_Step1.mp4; sourceTree = "<group>"; };
		BF76DA6E2680853F00B10706 /* Mango_Step3.mp4 */ = {isa = PBXFileReference; lastKnownFileType = file; path = Mango_Step3.mp4; sourceTree = "<group>"; };
		BF76DA6F2680853F00B10706 /* Mango_Step2.mp4 */ = {isa = PBXFileReference; lastKnownFileType = file; path = Mango_Step2.mp4; sourceTree = "<group>"; };
		BF76DA722680854000B10706 /* spinach_Step3.mp4 */ = {isa = PBXFileReference; lastKnownFileType = file; path = spinach_Step3.mp4; sourceTree = "<group>"; };
		BF76DA732680854000B10706 /* spinach_Step2.mp4 */ = {isa = PBXFileReference; lastKnownFileType = file; path = spinach_Step2.mp4; sourceTree = "<group>"; };
		BF76DA742680854000B10706 /* spinach_Step1.mp4 */ = {isa = PBXFileReference; lastKnownFileType = file; path = spinach_Step1.mp4; sourceTree = "<group>"; };
		BF76DA762680854000B10706 /* bokChoy_Step2.mp4 */ = {isa = PBXFileReference; lastKnownFileType = file; path = bokChoy_Step2.mp4; sourceTree = "<group>"; };
		BF76DA772680854000B10706 /* bokChoy_Step5.mp4 */ = {isa = PBXFileReference; lastKnownFileType = file; path = bokChoy_Step5.mp4; sourceTree = "<group>"; };
		BF76DA782680854000B10706 /* bokChoy_Step4.mp4 */ = {isa = PBXFileReference; lastKnownFileType = file; path = bokChoy_Step4.mp4; sourceTree = "<group>"; };
		BF76DA7B2680855000B10706 /* BeefDefrost_Step1.mp4 */ = {isa = PBXFileReference; lastKnownFileType = file; path = BeefDefrost_Step1.mp4; sourceTree = "<group>"; };
		BF76DA7C2680855000B10706 /* BeefDefrost_Step2.mp4 */ = {isa = PBXFileReference; lastKnownFileType = file; path = BeefDefrost_Step2.mp4; sourceTree = "<group>"; };
		BF76DA7D2680855000B10706 /* How to Defrost Meat Quickly & Safely.mp4 */ = {isa = PBXFileReference; lastKnownFileType = file; path = "How to Defrost Meat Quickly & Safely.mp4"; sourceTree = "<group>"; };
		BF76DA7F2680855000B10706 /* How to Debone And Roll a Rib of Beef | Tesco Food.mp4 */ = {isa = PBXFileReference; lastKnownFileType = file; path = "How to Debone And Roll a Rib of Beef | Tesco Food.mp4"; sourceTree = "<group>"; };
		BF76DA802680855000B10706 /* RibBoning_Step1.mp4 */ = {isa = PBXFileReference; lastKnownFileType = file; path = RibBoning_Step1.mp4; sourceTree = "<group>"; };
		BF76DA812680855000B10706 /* RibBoning_Step2.mp4 */ = {isa = PBXFileReference; lastKnownFileType = file; path = RibBoning_Step2.mp4; sourceTree = "<group>"; };
		BF76DA832680855000B10706 /* How to Dry Age Steak at Home | No Equipment Dry Aging.mp4 */ = {isa = PBXFileReference; lastKnownFileType = file; path = "How to Dry Age Steak at Home | No Equipment Dry Aging.mp4"; sourceTree = "<group>"; };
		BF76DA842680855000B10706 /* DryAgingBeef_Step4.mp4 */ = {isa = PBXFileReference; lastKnownFileType = file; path = DryAgingBeef_Step4.mp4; sourceTree = "<group>"; };
		BF76DA852680855000B10706 /* DryAgingBeef_Step1.mp4 */ = {isa = PBXFileReference; lastKnownFileType = file; path = DryAgingBeef_Step1.mp4; sourceTree = "<group>"; };
		BF76DA862680855000B10706 /* DryAgingBeef_Step3.mp4 */ = {isa = PBXFileReference; lastKnownFileType = file; path = DryAgingBeef_Step3.mp4; sourceTree = "<group>"; };
		BF76DA872680855000B10706 /* DryAgingBeef_Step2.mp4 */ = {isa = PBXFileReference; lastKnownFileType = file; path = DryAgingBeef_Step2.mp4; sourceTree = "<group>"; };
		BF76DA892680855000B10706 /* How To Butcher A Beef Tenderloin.mp4 */ = {isa = PBXFileReference; lastKnownFileType = file; path = "How To Butcher A Beef Tenderloin.mp4"; sourceTree = "<group>"; };
		BF76DA8A2680855000B10706 /* TrimmingTenderloin_Step2.mp4 */ = {isa = PBXFileReference; lastKnownFileType = file; path = TrimmingTenderloin_Step2.mp4; sourceTree = "<group>"; };
		BF76DA8B2680855000B10706 /* TrimmingTenderloin_Step1.mp4 */ = {isa = PBXFileReference; lastKnownFileType = file; path = TrimmingTenderloin_Step1.mp4; sourceTree = "<group>"; };
		BF76DA8D2680855000B10706 /* RibFrenching_Step2.mp4 */ = {isa = PBXFileReference; lastKnownFileType = file; path = RibFrenching_Step2.mp4; sourceTree = "<group>"; };
		BF76DA8E2680855000B10706 /* RibFrenching_Step1.mp4 */ = {isa = PBXFileReference; lastKnownFileType = file; path = RibFrenching_Step1.mp4; sourceTree = "<group>"; };
		BF76DA8F2680855000B10706 /* Gordon Ramsay Demonstrates How To French Trim A Rack Of Lamb | Season 8 Ep. 6 | MASTERCHEF.mp4 */ = {isa = PBXFileReference; lastKnownFileType = file; path = "Gordon Ramsay Demonstrates How To French Trim A Rack Of Lamb | Season 8 Ep. 6 | MASTERCHEF.mp4"; sourceTree = "<group>"; };
		BF76DA912680855000B10706 /* Cooking Tips_ How To Tenderize ANY Meat!.mp4 */ = {isa = PBXFileReference; lastKnownFileType = file; path = "Cooking Tips_ How To Tenderize ANY Meat!.mp4"; sourceTree = "<group>"; };
		BF76DA922680855000B10706 /* BeefPowdering_Step3.mp4 */ = {isa = PBXFileReference; lastKnownFileType = file; path = BeefPowdering_Step3.mp4; sourceTree = "<group>"; };
		BF76DA932680855000B10706 /* BeefPowdering_Step2.mp4 */ = {isa = PBXFileReference; lastKnownFileType = file; path = BeefPowdering_Step2.mp4; sourceTree = "<group>"; };
		BF76DA942680855000B10706 /* BeefPowdering_Step1.mp4 */ = {isa = PBXFileReference; lastKnownFileType = file; path = BeefPowdering_Step1.mp4; sourceTree = "<group>"; };
		BF76DA972680855200B10706 /* brining_Step2.mp4 */ = {isa = PBXFileReference; lastKnownFileType = file; path = brining_Step2.mp4; sourceTree = "<group>"; };
		BF76DA982680855200B10706 /* brining_Step3.mp4 */ = {isa = PBXFileReference; lastKnownFileType = file; path = brining_Step3.mp4; sourceTree = "<group>"; };
		BF76DA992680855200B10706 /* brining_Step1.mp4 */ = {isa = PBXFileReference; lastKnownFileType = file; path = brining_Step1.mp4; sourceTree = "<group>"; };
		BF76DA9A2680855200B10706 /* brining_Step4.mp4 */ = {isa = PBXFileReference; lastKnownFileType = file; path = brining_Step4.mp4; sourceTree = "<group>"; };
		BF76DA9C2680855200B10706 /* sectioningChicken_Step3.mp4 */ = {isa = PBXFileReference; lastKnownFileType = file; path = sectioningChicken_Step3.mp4; sourceTree = "<group>"; };
		BF76DA9D2680855200B10706 /* sectioningChicken_Step5 .mp4 */ = {isa = PBXFileReference; lastKnownFileType = file; path = "sectioningChicken_Step5 .mp4"; sourceTree = "<group>"; };
		BF76DA9E2680855200B10706 /* sectioningChicken_Step2.mp4 */ = {isa = PBXFileReference; lastKnownFileType = file; path = sectioningChicken_Step2.mp4; sourceTree = "<group>"; };
		BF76DA9F2680855200B10706 /* sectioningChicken_Step1.mp4 */ = {isa = PBXFileReference; lastKnownFileType = file; path = sectioningChicken_Step1.mp4; sourceTree = "<group>"; };
		BF76DAA02680855200B10706 /* sectioningChicken_Step4.mp4 */ = {isa = PBXFileReference; lastKnownFileType = file; path = sectioningChicken_Step4.mp4; sourceTree = "<group>"; };
		BF76DADA268086D200B10706 /* IngredientViewController.swift */ = {isa = PBXFileReference; fileEncoding = 4; lastKnownFileType = sourcecode.swift; path = IngredientViewController.swift; sourceTree = "<group>"; };
		BF76DADB268086D200B10706 /* PreviewViewController.swift */ = {isa = PBXFileReference; fileEncoding = 4; lastKnownFileType = sourcecode.swift; path = PreviewViewController.swift; sourceTree = "<group>"; };
		BF76DADC268086D200B10706 /* ViewController.swift */ = {isa = PBXFileReference; fileEncoding = 4; lastKnownFileType = sourcecode.swift; path = ViewController.swift; sourceTree = "<group>"; };
		BF76DAE1268086E500B10706 /* OnBoardingCollectionViewCell.swift */ = {isa = PBXFileReference; fileEncoding = 4; lastKnownFileType = sourcecode.swift; path = OnBoardingCollectionViewCell.swift; sourceTree = "<group>"; };
		BF76DAE2268086E500B10706 /* OnBoarding.storyboard */ = {isa = PBXFileReference; fileEncoding = 4; lastKnownFileType = file.storyboard; path = OnBoarding.storyboard; sourceTree = "<group>"; };
		BF76DAE3268086E500B10706 /* OnBoardingViewController.swift */ = {isa = PBXFileReference; fileEncoding = 4; lastKnownFileType = sourcecode.swift; path = OnBoardingViewController.swift; sourceTree = "<group>"; };
		BF76DAE4268086E500B10706 /* OnBoardingSlide.swift */ = {isa = PBXFileReference; fileEncoding = 4; lastKnownFileType = sourcecode.swift; path = OnBoardingSlide.swift; sourceTree = "<group>"; };
		BF76DAEC268088AC00B10706 /* RecentlyCollectionViewCell.swift */ = {isa = PBXFileReference; fileEncoding = 4; lastKnownFileType = sourcecode.swift; path = RecentlyCollectionViewCell.swift; sourceTree = "<group>"; };
		BF76DAED268088AC00B10706 /* RecentlyCollectionViewCell.xib */ = {isa = PBXFileReference; fileEncoding = 4; lastKnownFileType = file.xib; path = RecentlyCollectionViewCell.xib; sourceTree = "<group>"; };
		BF76DAF0268088AC00B10706 /* CategoryTableViewCell.swift */ = {isa = PBXFileReference; fileEncoding = 4; lastKnownFileType = sourcecode.swift; path = CategoryTableViewCell.swift; sourceTree = "<group>"; };
		BF76DAF1268088AC00B10706 /* CategoryTableViewCell.xib */ = {isa = PBXFileReference; fileEncoding = 4; lastKnownFileType = file.xib; path = CategoryTableViewCell.xib; sourceTree = "<group>"; };
		BF76DAF3268088AC00B10706 /* FactTableViewCell.swift */ = {isa = PBXFileReference; fileEncoding = 4; lastKnownFileType = sourcecode.swift; path = FactTableViewCell.swift; sourceTree = "<group>"; };
		BF76DAF4268088AC00B10706 /* FactTableViewCell.xib */ = {isa = PBXFileReference; fileEncoding = 4; lastKnownFileType = file.xib; path = FactTableViewCell.xib; sourceTree = "<group>"; };
		BF76DAF6268088AC00B10706 /* ProductTableViewCell.swift */ = {isa = PBXFileReference; fileEncoding = 4; lastKnownFileType = sourcecode.swift; path = ProductTableViewCell.swift; sourceTree = "<group>"; };
		BF76DAF7268088AC00B10706 /* ProductTableViewCell.xib */ = {isa = PBXFileReference; fileEncoding = 4; lastKnownFileType = file.xib; path = ProductTableViewCell.xib; sourceTree = "<group>"; };
		BF76DAF9268088AC00B10706 /* StepByStepViewController.swift */ = {isa = PBXFileReference; fileEncoding = 4; lastKnownFileType = sourcecode.swift; path = StepByStepViewController.swift; sourceTree = "<group>"; };
		BF76DAFA268088AC00B10706 /* StepByStep.storyboard */ = {isa = PBXFileReference; fileEncoding = 4; lastKnownFileType = file.storyboard; path = StepByStep.storyboard; sourceTree = "<group>"; };
		BF76DAFB268088AC00B10706 /* StepByStepCollectionViewCell.swift */ = {isa = PBXFileReference; fileEncoding = 4; lastKnownFileType = sourcecode.swift; path = StepByStepCollectionViewCell.swift; sourceTree = "<group>"; };
		BF76DB072680895900B10706 /* StretchyTableHeaderView.swift */ = {isa = PBXFileReference; fileEncoding = 4; lastKnownFileType = sourcecode.swift; path = StretchyTableHeaderView.swift; sourceTree = "<group>"; };
		BF76DB59268089AF00B10706 /* categoryProduct.json */ = {isa = PBXFileReference; fileEncoding = 4; lastKnownFileType = text.json; path = categoryProduct.json; sourceTree = "<group>"; };
		BF76DB9726808A6A00B10706 /* LaunchScreen.storyboard */ = {isa = PBXFileReference; fileEncoding = 4; lastKnownFileType = file.storyboard; path = LaunchScreen.storyboard; sourceTree = "<group>"; };
		BF76DB9926808A8500B10706 /* Main.storyboard */ = {isa = PBXFileReference; fileEncoding = 4; lastKnownFileType = file.storyboard; path = Main.storyboard; sourceTree = "<group>"; };
		BFBD2D542671AC6200481A35 /* CategoriesCollectionViewCell.swift */ = {isa = PBXFileReference; lastKnownFileType = sourcecode.swift; path = CategoriesCollectionViewCell.swift; sourceTree = "<group>"; };
		BFBD2D552671AC6200481A35 /* CategoriesCollectionViewCell.xib */ = {isa = PBXFileReference; lastKnownFileType = file.xib; path = CategoriesCollectionViewCell.xib; sourceTree = "<group>"; };
/* End PBXFileReference section */

/* Begin PBXFrameworksBuildPhase section */
		BF6770652669FE8400DFF9BE /* Frameworks */ = {
			isa = PBXFrameworksBuildPhase;
			buildActionMask = 2147483647;
			files = (
			);
			runOnlyForDeploymentPostprocessing = 0;
		};
		BF67707E2669FE8500DFF9BE /* Frameworks */ = {
			isa = PBXFrameworksBuildPhase;
			buildActionMask = 2147483647;
			files = (
			);
			runOnlyForDeploymentPostprocessing = 0;
		};
		BF6770892669FE8500DFF9BE /* Frameworks */ = {
			isa = PBXFrameworksBuildPhase;
			buildActionMask = 2147483647;
			files = (
			);
			runOnlyForDeploymentPostprocessing = 0;
		};
/* End PBXFrameworksBuildPhase section */

/* Begin PBXGroup section */
		BF0E187D26813A1700105451 /* Search */ = {
			isa = PBXGroup;
			children = (
				BF0E188026813A3000105451 /* Search.storyboard */,
				BF0E187E26813A2800105451 /* SearchKuViewController.swift */,
			);
			path = Search;
			sourceTree = "<group>";
		};
		BF0E189826816D8300105451 /* View */ = {
			isa = PBXGroup;
			children = (
				BF76DAE0268086E500B10706 /* OnBoarding */,
				BF76DAE9268088AC00B10706 /* TableCollectionCell */,
				BF76DB9926808A8500B10706 /* Main.storyboard */,
				BF0E18842681443600105451 /* InfoDetail.storyboard */,
			);
			path = View;
			sourceTree = "<group>";
		};
		BF0E189B268172E600105451 /* Controller */ = {
			isa = PBXGroup;
			children = (
				BF0E187D26813A1700105451 /* Search */,
				BF76DAF8268088AC00B10706 /* StepByStep */,
				BF76DADA268086D200B10706 /* IngredientViewController.swift */,
				BF76DADB268086D200B10706 /* PreviewViewController.swift */,
				BF76DADC268086D200B10706 /* ViewController.swift */,
				BF0E1899268172DA00105451 /* VoiceViewController.swift */,
			);
			path = Controller;
			sourceTree = "<group>";
		};
		BF67705F2669FE8400DFF9BE = {
			isa = PBXGroup;
			children = (
				BF67706A2669FE8400DFF9BE /* PrepZ */,
				BF6770842669FE8500DFF9BE /* PrepZTests */,
				BF67708F2669FE8500DFF9BE /* PrepZUITests */,
				BF6770692669FE8400DFF9BE /* Products */,
			);
			sourceTree = "<group>";
		};
		BF6770692669FE8400DFF9BE /* Products */ = {
			isa = PBXGroup;
			children = (
				BF6770682669FE8400DFF9BE /* PrepZ.app */,
				BF6770812669FE8500DFF9BE /* PrepZTests.xctest */,
				BF67708C2669FE8500DFF9BE /* PrepZUITests.xctest */,
			);
			name = Products;
			sourceTree = "<group>";
		};
		BF67706A2669FE8400DFF9BE /* PrepZ */ = {
			isa = PBXGroup;
			children = (
				BF67706B2669FE8500DFF9BE /* AppDelegate.swift */,
				BF67706D2669FE8500DFF9BE /* SceneDelegate.swift */,
				BF76DAD9268086C000B10706 /* Project PrepZ */,
				BF6770AD266A0B0200DFF9BE /* Model */,
				BF6770AE266A0B0800DFF9BE /* View */,
				BF6770AF266A0B0F00DFF9BE /* Controller */,
				BF6770772669FE8500DFF9BE /* Assets.xcassets */,
				BF76DB9726808A6A00B10706 /* LaunchScreen.storyboard */,
				BF67707C2669FE8500DFF9BE /* Info.plist */,
				BF6770742669FE8500DFF9BE /* PrepZ.xcdatamodeld */,
			);
			path = PrepZ;
			sourceTree = "<group>";
		};
		BF6770842669FE8500DFF9BE /* PrepZTests */ = {
			isa = PBXGroup;
			children = (
				BF6770852669FE8500DFF9BE /* PrepZTests.swift */,
				BF6770872669FE8500DFF9BE /* Info.plist */,
			);
			path = PrepZTests;
			sourceTree = "<group>";
		};
		BF67708F2669FE8500DFF9BE /* PrepZUITests */ = {
			isa = PBXGroup;
			children = (
				BF6770902669FE8500DFF9BE /* PrepZUITests.swift */,
				BF6770922669FE8500DFF9BE /* Info.plist */,
			);
			path = PrepZUITests;
			sourceTree = "<group>";
		};
		BF6770AD266A0B0200DFF9BE /* Model */ = {
			isa = PBXGroup;
			children = (
				BF76DB09268089AF00B10706 /* Json */,
				BF76DA562680852D00B10706 /* Video */,
				BF0624D9266DF6A100E8D217 /* Categories+CoreDataClass.swift */,
				BF0624DA266DF6A100E8D217 /* Categories+CoreDataProperties.swift */,
				BF76DB072680895900B10706 /* StretchyTableHeaderView.swift */,
				91A77117267755EB00314D55 /* StepByStepSlide.swift */,
			);
			path = Model;
			sourceTree = "<group>";
		};
		BF6770AE266A0B0800DFF9BE /* View */ = {
			isa = PBXGroup;
			children = (
				BF6770A3266A08D500DFF9BE /* Preview.storyboard */,
				BF6770712669FE8500DFF9BE /* AnotherMain.storyboard */,
				BF67709E266A044900DFF9BE /* Categories.storyboard */,
				BFBD2D582671AC6900481A35 /* Categories Cell */,
			);
			path = View;
			sourceTree = "<group>";
		};
		BF6770AF266A0B0F00DFF9BE /* Controller */ = {
			isa = PBXGroup;
			children = (
				BF6770B0266A0EBD00DFF9BE /* SearchViewController.swift */,
				BF6770A1266A046C00DFF9BE /* CategoriesViewController.swift */,
				BF67706F2669FE8500DFF9BE /* HomePageViewController.swift */,
				914428B12678AF5A00BDEDA5 /* VoiceController.swift */,
			);
			path = Controller;
			sourceTree = "<group>";
		};
		BF76DA562680852D00B10706 /* Video */ = {
			isa = PBXGroup;
			children = (
				BF76DA792680855000B10706 /* VIDEO BEEF */,
				BF76DA952680855200B10706 /* VIDEO CHICKEN */,
				BF76DA572680853F00B10706 /* VIDEO FRUITS */,
				BF76DA702680854000B10706 /* VIDEO GREENS */,
			);
			path = Video;
			sourceTree = "<group>";
		};
		BF76DA572680853F00B10706 /* VIDEO FRUITS */ = {
			isa = PBXGroup;
			children = (
				BF76DA582680853F00B10706 /* Apple */,
				BF76DA5E2680853F00B10706 /* Avocado */,
				BF76DA642680853F00B10706 /* Watermelon */,
				BF76DA6A2680853F00B10706 /* Mango */,
			);
			path = "VIDEO FRUITS";
			sourceTree = "<group>";
		};
		BF76DA582680853F00B10706 /* Apple */ = {
			isa = PBXGroup;
			children = (
				BF76DA592680853F00B10706 /* How to Keep Apples from Turning Brown in the Lunchbox +  Homemade Apple Cups.mp4 */,
				BF76DA5A2680853F00B10706 /* Apple_Step4.mp4 */,
				BF76DA5B2680853F00B10706 /* Apple_Step1.mp4 */,
				BF76DA5C2680853F00B10706 /* Apple_Step2.mp4 */,
				BF76DA5D2680853F00B10706 /* Apple_Step3.mp4 */,
			);
			path = Apple;
			sourceTree = "<group>";
		};
		BF76DA5E2680853F00B10706 /* Avocado */ = {
			isa = PBXGroup;
			children = (
				BF76DA5F2680853F00B10706 /* How to Preserve Avocados_480p.mp4 */,
				BF76DA602680853F00B10706 /* Avocado_Step4.mp4 */,
				BF76DA612680853F00B10706 /* Avocado_Step3.mp4 */,
				BF76DA622680853F00B10706 /* Avocado_Step2.mp4 */,
				BF76DA632680853F00B10706 /* Avocado_Step1.mp4 */,
			);
			path = Avocado;
			sourceTree = "<group>";
		};
		BF76DA642680853F00B10706 /* Watermelon */ = {
			isa = PBXGroup;
			children = (
				BF76DA652680853F00B10706 /* Watermelon_Step2.mp4 */,
				BF76DA662680853F00B10706 /* Watermelon_Step3.mp4 */,
				BF76DA672680853F00B10706 /* Watermelon_Step1.mp4 */,
				BF76DA682680853F00B10706 /* Watermelon_Step4.mp4 */,
				BF76DA692680853F00B10706 /* How to Cut a Watermelon  eTundra_480p.mp4 */,
			);
			path = Watermelon;
			sourceTree = "<group>";
		};
		BF76DA6A2680853F00B10706 /* Mango */ = {
			isa = PBXGroup;
			children = (
				BF76DA6B2680853F00B10706 /* How To Cut And Dice A Mango_480p.mp4 */,
				BF76DA6C2680853F00B10706 /* Mango_Step4.mp4 */,
				BF76DA6D2680853F00B10706 /* Mango_Step1.mp4 */,
				BF76DA6E2680853F00B10706 /* Mango_Step3.mp4 */,
				BF76DA6F2680853F00B10706 /* Mango_Step2.mp4 */,
			);
			path = Mango;
			sourceTree = "<group>";
		};
		BF76DA702680854000B10706 /* VIDEO GREENS */ = {
			isa = PBXGroup;
			children = (
				BF76DA712680854000B10706 /* Spinach */,
				BF76DA752680854000B10706 /* Bok Choy */,
			);
			path = "VIDEO GREENS";
			sourceTree = "<group>";
		};
		BF76DA712680854000B10706 /* Spinach */ = {
			isa = PBXGroup;
			children = (
				BF76DA722680854000B10706 /* spinach_Step3.mp4 */,
				BF76DA732680854000B10706 /* spinach_Step2.mp4 */,
				BF76DA742680854000B10706 /* spinach_Step1.mp4 */,
			);
			path = Spinach;
			sourceTree = "<group>";
		};
		BF76DA752680854000B10706 /* Bok Choy */ = {
			isa = PBXGroup;
			children = (
				BF76DA762680854000B10706 /* bokChoy_Step2.mp4 */,
				BF76DA772680854000B10706 /* bokChoy_Step5.mp4 */,
				BF76DA782680854000B10706 /* bokChoy_Step4.mp4 */,
			);
			path = "Bok Choy";
			sourceTree = "<group>";
		};
		BF76DA792680855000B10706 /* VIDEO BEEF */ = {
			isa = PBXGroup;
			children = (
				BF76DA7A2680855000B10706 /* Beef Defrost */,
				BF76DA7E2680855000B10706 /* Rib Boning */,
				BF76DA822680855000B10706 /* Beef Dry Aging */,
				BF76DA882680855000B10706 /* Beef Trimming */,
				BF76DA8C2680855000B10706 /* Rib Frenching */,
				BF76DA902680855000B10706 /* Beef Powdering */,
			);
			path = "VIDEO BEEF";
			sourceTree = "<group>";
		};
		BF76DA7A2680855000B10706 /* Beef Defrost */ = {
			isa = PBXGroup;
			children = (
				BF76DA7B2680855000B10706 /* BeefDefrost_Step1.mp4 */,
				BF76DA7C2680855000B10706 /* BeefDefrost_Step2.mp4 */,
				BF76DA7D2680855000B10706 /* How to Defrost Meat Quickly & Safely.mp4 */,
			);
			path = "Beef Defrost";
			sourceTree = "<group>";
		};
		BF76DA7E2680855000B10706 /* Rib Boning */ = {
			isa = PBXGroup;
			children = (
				BF76DA7F2680855000B10706 /* How to Debone And Roll a Rib of Beef | Tesco Food.mp4 */,
				BF76DA802680855000B10706 /* RibBoning_Step1.mp4 */,
				BF76DA812680855000B10706 /* RibBoning_Step2.mp4 */,
			);
			path = "Rib Boning";
			sourceTree = "<group>";
		};
		BF76DA822680855000B10706 /* Beef Dry Aging */ = {
			isa = PBXGroup;
			children = (
				BF76DA832680855000B10706 /* How to Dry Age Steak at Home | No Equipment Dry Aging.mp4 */,
				BF76DA842680855000B10706 /* DryAgingBeef_Step4.mp4 */,
				BF76DA852680855000B10706 /* DryAgingBeef_Step1.mp4 */,
				BF76DA862680855000B10706 /* DryAgingBeef_Step3.mp4 */,
				BF76DA872680855000B10706 /* DryAgingBeef_Step2.mp4 */,
			);
			path = "Beef Dry Aging";
			sourceTree = "<group>";
		};
		BF76DA882680855000B10706 /* Beef Trimming */ = {
			isa = PBXGroup;
			children = (
				BF76DA892680855000B10706 /* How To Butcher A Beef Tenderloin.mp4 */,
				BF76DA8A2680855000B10706 /* TrimmingTenderloin_Step2.mp4 */,
				BF76DA8B2680855000B10706 /* TrimmingTenderloin_Step1.mp4 */,
			);
			path = "Beef Trimming";
			sourceTree = "<group>";
		};
		BF76DA8C2680855000B10706 /* Rib Frenching */ = {
			isa = PBXGroup;
			children = (
				BF76DA8D2680855000B10706 /* RibFrenching_Step2.mp4 */,
				BF76DA8E2680855000B10706 /* RibFrenching_Step1.mp4 */,
				BF76DA8F2680855000B10706 /* Gordon Ramsay Demonstrates How To French Trim A Rack Of Lamb | Season 8 Ep. 6 | MASTERCHEF.mp4 */,
			);
			path = "Rib Frenching";
			sourceTree = "<group>";
		};
		BF76DA902680855000B10706 /* Beef Powdering */ = {
			isa = PBXGroup;
			children = (
				BF76DA912680855000B10706 /* Cooking Tips_ How To Tenderize ANY Meat!.mp4 */,
				BF76DA922680855000B10706 /* BeefPowdering_Step3.mp4 */,
				BF76DA932680855000B10706 /* BeefPowdering_Step2.mp4 */,
				BF76DA942680855000B10706 /* BeefPowdering_Step1.mp4 */,
			);
			path = "Beef Powdering";
			sourceTree = "<group>";
		};
		BF76DA952680855200B10706 /* VIDEO CHICKEN */ = {
			isa = PBXGroup;
			children = (
				BF76DA962680855200B10706 /* Brining Chicken */,
				BF76DA9B2680855200B10706 /* Sectioning Chicken */,
			);
			path = "VIDEO CHICKEN";
			sourceTree = "<group>";
		};
		BF76DA962680855200B10706 /* Brining Chicken */ = {
			isa = PBXGroup;
			children = (
				BF76DA972680855200B10706 /* brining_Step2.mp4 */,
				BF76DA982680855200B10706 /* brining_Step3.mp4 */,
				BF76DA992680855200B10706 /* brining_Step1.mp4 */,
				BF76DA9A2680855200B10706 /* brining_Step4.mp4 */,
			);
			path = "Brining Chicken";
			sourceTree = "<group>";
		};
		BF76DA9B2680855200B10706 /* Sectioning Chicken */ = {
			isa = PBXGroup;
			children = (
				BF76DA9C2680855200B10706 /* sectioningChicken_Step3.mp4 */,
				BF76DA9D2680855200B10706 /* sectioningChicken_Step5 .mp4 */,
				BF76DA9E2680855200B10706 /* sectioningChicken_Step2.mp4 */,
				BF76DA9F2680855200B10706 /* sectioningChicken_Step1.mp4 */,
				BF76DAA02680855200B10706 /* sectioningChicken_Step4.mp4 */,
			);
			path = "Sectioning Chicken";
			sourceTree = "<group>";
		};
		BF76DAD9268086C000B10706 /* Project PrepZ */ = {
			isa = PBXGroup;
			children = (
				BF0E189826816D8300105451 /* View */,
				BF0E189B268172E600105451 /* Controller */,
			);
			path = "Project PrepZ";
			sourceTree = "<group>";
		};
		BF76DAE0268086E500B10706 /* OnBoarding */ = {
			isa = PBXGroup;
			children = (
				BF76DAE1268086E500B10706 /* OnBoardingCollectionViewCell.swift */,
				BF76DAE2268086E500B10706 /* OnBoarding.storyboard */,
				BF76DAE3268086E500B10706 /* OnBoardingViewController.swift */,
				BF76DAE4268086E500B10706 /* OnBoardingSlide.swift */,
			);
			path = OnBoarding;
			sourceTree = "<group>";
		};
		BF76DAE9268088AC00B10706 /* TableCollectionCell */ = {
			isa = PBXGroup;
			children = (
				BF76DAEA268088AC00B10706 /* CollectionCell */,
				BF76DAEE268088AC00B10706 /* TableCell */,
			);
			path = TableCollectionCell;
			sourceTree = "<group>";
		};
		BF76DAEA268088AC00B10706 /* CollectionCell */ = {
			isa = PBXGroup;
			children = (
				BF76DAEB268088AC00B10706 /* Recently */,
			);
			path = CollectionCell;
			sourceTree = "<group>";
		};
		BF76DAEB268088AC00B10706 /* Recently */ = {
			isa = PBXGroup;
			children = (
				BF76DAEC268088AC00B10706 /* RecentlyCollectionViewCell.swift */,
				BF76DAED268088AC00B10706 /* RecentlyCollectionViewCell.xib */,
			);
			path = Recently;
			sourceTree = "<group>";
		};
		BF76DAEE268088AC00B10706 /* TableCell */ = {
			isa = PBXGroup;
			children = (
				BF76DAEF268088AC00B10706 /* Category */,
				BF76DAF2268088AC00B10706 /* Fact */,
				BF76DAF5268088AC00B10706 /* Recent Product */,
			);
			path = TableCell;
			sourceTree = "<group>";
		};
		BF76DAEF268088AC00B10706 /* Category */ = {
			isa = PBXGroup;
			children = (
				BF76DAF0268088AC00B10706 /* CategoryTableViewCell.swift */,
				BF76DAF1268088AC00B10706 /* CategoryTableViewCell.xib */,
			);
			path = Category;
			sourceTree = "<group>";
		};
		BF76DAF2268088AC00B10706 /* Fact */ = {
			isa = PBXGroup;
			children = (
				BF76DAF3268088AC00B10706 /* FactTableViewCell.swift */,
				BF76DAF4268088AC00B10706 /* FactTableViewCell.xib */,
			);
			path = Fact;
			sourceTree = "<group>";
		};
		BF76DAF5268088AC00B10706 /* Recent Product */ = {
			isa = PBXGroup;
			children = (
				BF76DAF6268088AC00B10706 /* ProductTableViewCell.swift */,
				BF76DAF7268088AC00B10706 /* ProductTableViewCell.xib */,
			);
			path = "Recent Product";
			sourceTree = "<group>";
		};
		BF76DAF8268088AC00B10706 /* StepByStep */ = {
			isa = PBXGroup;
			children = (
				BF76DAF9268088AC00B10706 /* StepByStepViewController.swift */,
				BF76DAFA268088AC00B10706 /* StepByStep.storyboard */,
				BF76DAFB268088AC00B10706 /* StepByStepCollectionViewCell.swift */,
			);
			path = StepByStep;
			sourceTree = "<group>";
		};
		BF76DB09268089AF00B10706 /* Json */ = {
			isa = PBXGroup;
			children = (
				BF0E189326816A5C00105451 /* beef.json */,
				BF0E189126816A5C00105451 /* chicken.json */,
				BF0E189026816A5C00105451 /* fruit.json */,
				BF0E189226816A5C00105451 /* veggies.json */,
				BF0E1886268164FA00105451 /* category_Beef.json */,
				BF0E1888268164FA00105451 /* category_Chicken.json */,
				BF0E1889268164FA00105451 /* category_Fruit.json */,
				BF0E1887268164FA00105451 /* category_Veggies.json */,
				BF76DB59268089AF00B10706 /* categoryProduct.json */,
				BF0E188E2681650C00105451 /* JsonModel.swift */,
			);
			path = Json;
			sourceTree = "<group>";
		};
		BFBD2D582671AC6900481A35 /* Categories Cell */ = {
			isa = PBXGroup;
			children = (
				BFBD2D542671AC6200481A35 /* CategoriesCollectionViewCell.swift */,
				BFBD2D552671AC6200481A35 /* CategoriesCollectionViewCell.xib */,
			);
			path = "Categories Cell";
			sourceTree = "<group>";
		};
/* End PBXGroup section */

/* Begin PBXNativeTarget section */
		BF6770672669FE8400DFF9BE /* PrepZ */ = {
			isa = PBXNativeTarget;
			buildConfigurationList = BF6770952669FE8500DFF9BE /* Build configuration list for PBXNativeTarget "PrepZ" */;
			buildPhases = (
				BF6770642669FE8400DFF9BE /* Sources */,
				BF6770652669FE8400DFF9BE /* Frameworks */,
				BF6770662669FE8400DFF9BE /* Resources */,
			);
			buildRules = (
			);
			dependencies = (
			);
			name = PrepZ;
			productName = PrepZ;
			productReference = BF6770682669FE8400DFF9BE /* PrepZ.app */;
			productType = "com.apple.product-type.application";
		};
		BF6770802669FE8500DFF9BE /* PrepZTests */ = {
			isa = PBXNativeTarget;
			buildConfigurationList = BF6770982669FE8500DFF9BE /* Build configuration list for PBXNativeTarget "PrepZTests" */;
			buildPhases = (
				BF67707D2669FE8500DFF9BE /* Sources */,
				BF67707E2669FE8500DFF9BE /* Frameworks */,
				BF67707F2669FE8500DFF9BE /* Resources */,
			);
			buildRules = (
			);
			dependencies = (
				BF6770832669FE8500DFF9BE /* PBXTargetDependency */,
			);
			name = PrepZTests;
			productName = PrepZTests;
			productReference = BF6770812669FE8500DFF9BE /* PrepZTests.xctest */;
			productType = "com.apple.product-type.bundle.unit-test";
		};
		BF67708B2669FE8500DFF9BE /* PrepZUITests */ = {
			isa = PBXNativeTarget;
			buildConfigurationList = BF67709B2669FE8500DFF9BE /* Build configuration list for PBXNativeTarget "PrepZUITests" */;
			buildPhases = (
				BF6770882669FE8500DFF9BE /* Sources */,
				BF6770892669FE8500DFF9BE /* Frameworks */,
				BF67708A2669FE8500DFF9BE /* Resources */,
			);
			buildRules = (
			);
			dependencies = (
				BF67708E2669FE8500DFF9BE /* PBXTargetDependency */,
			);
			name = PrepZUITests;
			productName = PrepZUITests;
			productReference = BF67708C2669FE8500DFF9BE /* PrepZUITests.xctest */;
			productType = "com.apple.product-type.bundle.ui-testing";
		};
/* End PBXNativeTarget section */

/* Begin PBXProject section */
		BF6770602669FE8400DFF9BE /* Project object */ = {
			isa = PBXProject;
			attributes = {
				LastSwiftUpdateCheck = 1250;
				LastUpgradeCheck = 1250;
				TargetAttributes = {
					BF6770672669FE8400DFF9BE = {
						CreatedOnToolsVersion = 12.5;
					};
					BF6770802669FE8500DFF9BE = {
						CreatedOnToolsVersion = 12.5;
						TestTargetID = BF6770672669FE8400DFF9BE;
					};
					BF67708B2669FE8500DFF9BE = {
						CreatedOnToolsVersion = 12.5;
						TestTargetID = BF6770672669FE8400DFF9BE;
					};
				};
			};
			buildConfigurationList = BF6770632669FE8400DFF9BE /* Build configuration list for PBXProject "PrepZ" */;
			compatibilityVersion = "Xcode 9.3";
			developmentRegion = en;
			hasScannedForEncodings = 0;
			knownRegions = (
				en,
				Base,
			);
			mainGroup = BF67705F2669FE8400DFF9BE;
			productRefGroup = BF6770692669FE8400DFF9BE /* Products */;
			projectDirPath = "";
			projectRoot = "";
			targets = (
				BF6770672669FE8400DFF9BE /* PrepZ */,
				BF6770802669FE8500DFF9BE /* PrepZTests */,
				BF67708B2669FE8500DFF9BE /* PrepZUITests */,
			);
		};
/* End PBXProject section */

/* Begin PBXResourcesBuildPhase section */
		BF6770662669FE8400DFF9BE /* Resources */ = {
			isa = PBXResourcesBuildPhase;
			buildActionMask = 2147483647;
			files = (
				BF76DAA42680855200B10706 /* Apple_Step2.mp4 in Resources */,
				BF76DAD52680855200B10706 /* sectioningChicken_Step5 .mp4 in Resources */,
				BF76DB96268089AF00B10706 /* categoryProduct.json in Resources */,
				BF76DAD12680855200B10706 /* brining_Step3.mp4 in Resources */,
				BF76DACA2680855200B10706 /* RibFrenching_Step1.mp4 in Resources */,
				BF76DAD32680855200B10706 /* brining_Step4.mp4 in Resources */,
				BF76DABE2680855200B10706 /* How to Debone And Roll a Rib of Beef | Tesco Food.mp4 in Resources */,
				BF76DAD22680855200B10706 /* brining_Step1.mp4 in Resources */,
				BF76DAB72680855200B10706 /* spinach_Step1.mp4 in Resources */,
				BF76DAAB2680855200B10706 /* Watermelon_Step2.mp4 in Resources */,
				BF76DAB12680855200B10706 /* Mango_Step4.mp4 in Resources */,
				BF0E18852681443600105451 /* InfoDetail.storyboard in Resources */,
				BF76DAE6268086E500B10706 /* OnBoarding.storyboard in Resources */,
				BF76DAD82680855200B10706 /* sectioningChicken_Step4.mp4 in Resources */,
				BF6770A4266A08D500DFF9BE /* Preview.storyboard in Resources */,
				BF76DAC52680855200B10706 /* DryAgingBeef_Step2.mp4 in Resources */,
				BF76DAB22680855200B10706 /* Mango_Step1.mp4 in Resources */,
				BF0E189626816A5C00105451 /* veggies.json in Resources */,
				BF6770782669FE8500DFF9BE /* Assets.xcassets in Resources */,
				BF76DB03268088AC00B10706 /* ProductTableViewCell.xib in Resources */,
				BF76DAAC2680855200B10706 /* Watermelon_Step3.mp4 in Resources */,
				BF0E188C268164FA00105451 /* category_Chicken.json in Resources */,
				BF76DACE2680855200B10706 /* BeefPowdering_Step2.mp4 in Resources */,
				BF76DAB62680855200B10706 /* spinach_Step2.mp4 in Resources */,
				BF76DAC42680855200B10706 /* DryAgingBeef_Step3.mp4 in Resources */,
				BF76DAFD268088AC00B10706 /* RecentlyCollectionViewCell.xib in Resources */,
				BF76DAD02680855200B10706 /* brining_Step2.mp4 in Resources */,
				BF76DAAE2680855200B10706 /* Watermelon_Step4.mp4 in Resources */,
				BF76DAC92680855200B10706 /* RibFrenching_Step2.mp4 in Resources */,
				BF76DAA12680855200B10706 /* How to Keep Apples from Turning Brown in the Lunchbox +  Homemade Apple Cups.mp4 in Resources */,
				BF76DAA62680855200B10706 /* How to Preserve Avocados_480p.mp4 in Resources */,
				BF0E188D268164FA00105451 /* category_Fruit.json in Resources */,
				BF76DAC62680855200B10706 /* How To Butcher A Beef Tenderloin.mp4 in Resources */,
				BF0E188B268164FA00105451 /* category_Veggies.json in Resources */,
				BF76DAC22680855200B10706 /* DryAgingBeef_Step4.mp4 in Resources */,
				BF0E189726816A5C00105451 /* beef.json in Resources */,
				BF76DAC32680855200B10706 /* DryAgingBeef_Step1.mp4 in Resources */,
				BF76DB9826808A6A00B10706 /* LaunchScreen.storyboard in Resources */,
				BF76DAFF268088AC00B10706 /* CategoryTableViewCell.xib in Resources */,
				BF0E188A268164FA00105451 /* category_Beef.json in Resources */,
				BF76DAB52680855200B10706 /* spinach_Step3.mp4 in Resources */,
				BF0E189426816A5C00105451 /* fruit.json in Resources */,
				BF76DAA52680855200B10706 /* Apple_Step3.mp4 in Resources */,
				BF76DABC2680855200B10706 /* BeefDefrost_Step2.mp4 in Resources */,
				BF76DAAA2680855200B10706 /* Avocado_Step1.mp4 in Resources */,
				BF76DB01268088AC00B10706 /* FactTableViewCell.xib in Resources */,
				BF76DAC02680855200B10706 /* RibBoning_Step2.mp4 in Resources */,
				BFBD2D572671AC6200481A35 /* CategoriesCollectionViewCell.xib in Resources */,
				BF76DAAD2680855200B10706 /* Watermelon_Step1.mp4 in Resources */,
				BF76DB05268088AC00B10706 /* StepByStep.storyboard in Resources */,
				BF76DAC12680855200B10706 /* How to Dry Age Steak at Home | No Equipment Dry Aging.mp4 in Resources */,
				BF76DAA92680855200B10706 /* Avocado_Step2.mp4 in Resources */,
				BF76DAB82680855200B10706 /* bokChoy_Step2.mp4 in Resources */,
				BF0E189526816A5C00105451 /* chicken.json in Resources */,
				BF76DABF2680855200B10706 /* RibBoning_Step1.mp4 in Resources */,
				BF76DAB32680855200B10706 /* Mango_Step3.mp4 in Resources */,
				BF76DAC82680855200B10706 /* TrimmingTenderloin_Step1.mp4 in Resources */,
				BF76DAA82680855200B10706 /* Avocado_Step3.mp4 in Resources */,
				BF76DAB02680855200B10706 /* How To Cut And Dice A Mango_480p.mp4 in Resources */,
				BF76DAC72680855200B10706 /* TrimmingTenderloin_Step2.mp4 in Resources */,
				BF76DB9A26808A8500B10706 /* Main.storyboard in Resources */,
				BF76DACD2680855200B10706 /* BeefPowdering_Step3.mp4 in Resources */,
				BF76DAD72680855200B10706 /* sectioningChicken_Step1.mp4 in Resources */,
				BF76DAB92680855200B10706 /* bokChoy_Step5.mp4 in Resources */,
				BF76DAB42680855200B10706 /* Mango_Step2.mp4 in Resources */,
				BF76DAA22680855200B10706 /* Apple_Step4.mp4 in Resources */,
				BF76DAAF2680855200B10706 /* How to Cut a Watermelon  eTundra_480p.mp4 in Resources */,
				BF76DABA2680855200B10706 /* bokChoy_Step4.mp4 in Resources */,
				BF76DAA32680855200B10706 /* Apple_Step1.mp4 in Resources */,
				BF76DAA72680855200B10706 /* Avocado_Step4.mp4 in Resources */,
				BF0E188126813A3000105451 /* Search.storyboard in Resources */,
				BF76DAD62680855200B10706 /* sectioningChicken_Step2.mp4 in Resources */,
				BF76DAD42680855200B10706 /* sectioningChicken_Step3.mp4 in Resources */,
				BF76DACB2680855200B10706 /* Gordon Ramsay Demonstrates How To French Trim A Rack Of Lamb | Season 8 Ep. 6 | MASTERCHEF.mp4 in Resources */,
				BF76DACC2680855200B10706 /* Cooking Tips_ How To Tenderize ANY Meat!.mp4 in Resources */,
				BF76DACF2680855200B10706 /* BeefPowdering_Step1.mp4 in Resources */,
				BF76DABD2680855200B10706 /* How to Defrost Meat Quickly & Safely.mp4 in Resources */,
				BF76DABB2680855200B10706 /* BeefDefrost_Step1.mp4 in Resources */,
				BF6770A0266A044900DFF9BE /* Categories.storyboard in Resources */,
				BF6770732669FE8500DFF9BE /* AnotherMain.storyboard in Resources */,
			);
			runOnlyForDeploymentPostprocessing = 0;
		};
		BF67707F2669FE8500DFF9BE /* Resources */ = {
			isa = PBXResourcesBuildPhase;
			buildActionMask = 2147483647;
			files = (
			);
			runOnlyForDeploymentPostprocessing = 0;
		};
		BF67708A2669FE8500DFF9BE /* Resources */ = {
			isa = PBXResourcesBuildPhase;
			buildActionMask = 2147483647;
			files = (
			);
			runOnlyForDeploymentPostprocessing = 0;
		};
/* End PBXResourcesBuildPhase section */

/* Begin PBXSourcesBuildPhase section */
		BF6770642669FE8400DFF9BE /* Sources */ = {
			isa = PBXSourcesBuildPhase;
			buildActionMask = 2147483647;
			files = (
				BF76DAFC268088AC00B10706 /* RecentlyCollectionViewCell.swift in Sources */,
				BF76DAE5268086E500B10706 /* OnBoardingCollectionViewCell.swift in Sources */,
				BF6770702669FE8500DFF9BE /* HomePageViewController.swift in Sources */,
				BF0E188F2681650C00105451 /* JsonModel.swift in Sources */,
				BF0624DC266DF6A100E8D217 /* Categories+CoreDataProperties.swift in Sources */,
				BF0E189A268172DA00105451 /* VoiceViewController.swift in Sources */,
				BF76DAFE268088AC00B10706 /* CategoryTableViewCell.swift in Sources */,
				BF6770B1266A0EBD00DFF9BE /* SearchViewController.swift in Sources */,
				BF76DB06268088AC00B10706 /* StepByStepCollectionViewCell.swift in Sources */,
				BF76DB00268088AC00B10706 /* FactTableViewCell.swift in Sources */,
				BF67706C2669FE8500DFF9BE /* AppDelegate.swift in Sources */,
				91A77118267755EB00314D55 /* StepByStepSlide.swift in Sources */,
				BF76DB082680895900B10706 /* StretchyTableHeaderView.swift in Sources */,
				BF67706E2669FE8500DFF9BE /* SceneDelegate.swift in Sources */,
				BF76DADF268086D200B10706 /* ViewController.swift in Sources */,
				BF76DB04268088AC00B10706 /* StepByStepViewController.swift in Sources */,
				BF76DADE268086D200B10706 /* PreviewViewController.swift in Sources */,
				BF6770762669FE8500DFF9BE /* PrepZ.xcdatamodeld in Sources */,
				BF76DAE8268086E500B10706 /* OnBoardingSlide.swift in Sources */,
				BF0624DB266DF6A100E8D217 /* Categories+CoreDataClass.swift in Sources */,
				BF0E187F26813A2800105451 /* SearchKuViewController.swift in Sources */,
				BF76DB02268088AC00B10706 /* ProductTableViewCell.swift in Sources */,
				BF76DADD268086D200B10706 /* IngredientViewController.swift in Sources */,
				BFBD2D562671AC6200481A35 /* CategoriesCollectionViewCell.swift in Sources */,
				BF6770A2266A046C00DFF9BE /* CategoriesViewController.swift in Sources */,
				914428B22678AF5A00BDEDA5 /* VoiceController.swift in Sources */,
				BF76DAE7268086E500B10706 /* OnBoardingViewController.swift in Sources */,
			);
			runOnlyForDeploymentPostprocessing = 0;
		};
		BF67707D2669FE8500DFF9BE /* Sources */ = {
			isa = PBXSourcesBuildPhase;
			buildActionMask = 2147483647;
			files = (
				BF6770862669FE8500DFF9BE /* PrepZTests.swift in Sources */,
			);
			runOnlyForDeploymentPostprocessing = 0;
		};
		BF6770882669FE8500DFF9BE /* Sources */ = {
			isa = PBXSourcesBuildPhase;
			buildActionMask = 2147483647;
			files = (
				BF6770912669FE8500DFF9BE /* PrepZUITests.swift in Sources */,
			);
			runOnlyForDeploymentPostprocessing = 0;
		};
/* End PBXSourcesBuildPhase section */

/* Begin PBXTargetDependency section */
		BF6770832669FE8500DFF9BE /* PBXTargetDependency */ = {
			isa = PBXTargetDependency;
			target = BF6770672669FE8400DFF9BE /* PrepZ */;
			targetProxy = BF6770822669FE8500DFF9BE /* PBXContainerItemProxy */;
		};
		BF67708E2669FE8500DFF9BE /* PBXTargetDependency */ = {
			isa = PBXTargetDependency;
			target = BF6770672669FE8400DFF9BE /* PrepZ */;
			targetProxy = BF67708D2669FE8500DFF9BE /* PBXContainerItemProxy */;
		};
/* End PBXTargetDependency section */

/* Begin PBXVariantGroup section */
		BF6770712669FE8500DFF9BE /* AnotherMain.storyboard */ = {
			isa = PBXVariantGroup;
			children = (
				BF6770722669FE8500DFF9BE /* Base */,
			);
			name = AnotherMain.storyboard;
			sourceTree = "<group>";
		};
		BF67709E266A044900DFF9BE /* Categories.storyboard */ = {
			isa = PBXVariantGroup;
			children = (
				BF67709F266A044900DFF9BE /* Base */,
			);
			name = Categories.storyboard;
			sourceTree = "<group>";
		};
/* End PBXVariantGroup section */

/* Begin XCBuildConfiguration section */
		BF6770932669FE8500DFF9BE /* Debug */ = {
			isa = XCBuildConfiguration;
			buildSettings = {
				ALWAYS_SEARCH_USER_PATHS = NO;
				CLANG_ANALYZER_NONNULL = YES;
				CLANG_ANALYZER_NUMBER_OBJECT_CONVERSION = YES_AGGRESSIVE;
				CLANG_CXX_LANGUAGE_STANDARD = "gnu++14";
				CLANG_CXX_LIBRARY = "libc++";
				CLANG_ENABLE_MODULES = YES;
				CLANG_ENABLE_OBJC_ARC = YES;
				CLANG_ENABLE_OBJC_WEAK = YES;
				CLANG_WARN_BLOCK_CAPTURE_AUTORELEASING = YES;
				CLANG_WARN_BOOL_CONVERSION = YES;
				CLANG_WARN_COMMA = YES;
				CLANG_WARN_CONSTANT_CONVERSION = YES;
				CLANG_WARN_DEPRECATED_OBJC_IMPLEMENTATIONS = YES;
				CLANG_WARN_DIRECT_OBJC_ISA_USAGE = YES_ERROR;
				CLANG_WARN_DOCUMENTATION_COMMENTS = YES;
				CLANG_WARN_EMPTY_BODY = YES;
				CLANG_WARN_ENUM_CONVERSION = YES;
				CLANG_WARN_INFINITE_RECURSION = YES;
				CLANG_WARN_INT_CONVERSION = YES;
				CLANG_WARN_NON_LITERAL_NULL_CONVERSION = YES;
				CLANG_WARN_OBJC_IMPLICIT_RETAIN_SELF = YES;
				CLANG_WARN_OBJC_LITERAL_CONVERSION = YES;
				CLANG_WARN_OBJC_ROOT_CLASS = YES_ERROR;
				CLANG_WARN_QUOTED_INCLUDE_IN_FRAMEWORK_HEADER = YES;
				CLANG_WARN_RANGE_LOOP_ANALYSIS = YES;
				CLANG_WARN_STRICT_PROTOTYPES = YES;
				CLANG_WARN_SUSPICIOUS_MOVE = YES;
				CLANG_WARN_UNGUARDED_AVAILABILITY = YES_AGGRESSIVE;
				CLANG_WARN_UNREACHABLE_CODE = YES;
				CLANG_WARN__DUPLICATE_METHOD_MATCH = YES;
				COPY_PHASE_STRIP = NO;
				DEBUG_INFORMATION_FORMAT = dwarf;
				ENABLE_STRICT_OBJC_MSGSEND = YES;
				ENABLE_TESTABILITY = YES;
				GCC_C_LANGUAGE_STANDARD = gnu11;
				GCC_DYNAMIC_NO_PIC = NO;
				GCC_NO_COMMON_BLOCKS = YES;
				GCC_OPTIMIZATION_LEVEL = 0;
				GCC_PREPROCESSOR_DEFINITIONS = (
					"DEBUG=1",
					"$(inherited)",
				);
				GCC_WARN_64_TO_32_BIT_CONVERSION = YES;
				GCC_WARN_ABOUT_RETURN_TYPE = YES_ERROR;
				GCC_WARN_UNDECLARED_SELECTOR = YES;
				GCC_WARN_UNINITIALIZED_AUTOS = YES_AGGRESSIVE;
				GCC_WARN_UNUSED_FUNCTION = YES;
				GCC_WARN_UNUSED_VARIABLE = YES;
				IPHONEOS_DEPLOYMENT_TARGET = 14.5;
				MTL_ENABLE_DEBUG_INFO = INCLUDE_SOURCE;
				MTL_FAST_MATH = YES;
				ONLY_ACTIVE_ARCH = YES;
				SDKROOT = iphoneos;
				SWIFT_ACTIVE_COMPILATION_CONDITIONS = DEBUG;
				SWIFT_OPTIMIZATION_LEVEL = "-Onone";
			};
			name = Debug;
		};
		BF6770942669FE8500DFF9BE /* Release */ = {
			isa = XCBuildConfiguration;
			buildSettings = {
				ALWAYS_SEARCH_USER_PATHS = NO;
				CLANG_ANALYZER_NONNULL = YES;
				CLANG_ANALYZER_NUMBER_OBJECT_CONVERSION = YES_AGGRESSIVE;
				CLANG_CXX_LANGUAGE_STANDARD = "gnu++14";
				CLANG_CXX_LIBRARY = "libc++";
				CLANG_ENABLE_MODULES = YES;
				CLANG_ENABLE_OBJC_ARC = YES;
				CLANG_ENABLE_OBJC_WEAK = YES;
				CLANG_WARN_BLOCK_CAPTURE_AUTORELEASING = YES;
				CLANG_WARN_BOOL_CONVERSION = YES;
				CLANG_WARN_COMMA = YES;
				CLANG_WARN_CONSTANT_CONVERSION = YES;
				CLANG_WARN_DEPRECATED_OBJC_IMPLEMENTATIONS = YES;
				CLANG_WARN_DIRECT_OBJC_ISA_USAGE = YES_ERROR;
				CLANG_WARN_DOCUMENTATION_COMMENTS = YES;
				CLANG_WARN_EMPTY_BODY = YES;
				CLANG_WARN_ENUM_CONVERSION = YES;
				CLANG_WARN_INFINITE_RECURSION = YES;
				CLANG_WARN_INT_CONVERSION = YES;
				CLANG_WARN_NON_LITERAL_NULL_CONVERSION = YES;
				CLANG_WARN_OBJC_IMPLICIT_RETAIN_SELF = YES;
				CLANG_WARN_OBJC_LITERAL_CONVERSION = YES;
				CLANG_WARN_OBJC_ROOT_CLASS = YES_ERROR;
				CLANG_WARN_QUOTED_INCLUDE_IN_FRAMEWORK_HEADER = YES;
				CLANG_WARN_RANGE_LOOP_ANALYSIS = YES;
				CLANG_WARN_STRICT_PROTOTYPES = YES;
				CLANG_WARN_SUSPICIOUS_MOVE = YES;
				CLANG_WARN_UNGUARDED_AVAILABILITY = YES_AGGRESSIVE;
				CLANG_WARN_UNREACHABLE_CODE = YES;
				CLANG_WARN__DUPLICATE_METHOD_MATCH = YES;
				COPY_PHASE_STRIP = NO;
				DEBUG_INFORMATION_FORMAT = "dwarf-with-dsym";
				ENABLE_NS_ASSERTIONS = NO;
				ENABLE_STRICT_OBJC_MSGSEND = YES;
				GCC_C_LANGUAGE_STANDARD = gnu11;
				GCC_NO_COMMON_BLOCKS = YES;
				GCC_WARN_64_TO_32_BIT_CONVERSION = YES;
				GCC_WARN_ABOUT_RETURN_TYPE = YES_ERROR;
				GCC_WARN_UNDECLARED_SELECTOR = YES;
				GCC_WARN_UNINITIALIZED_AUTOS = YES_AGGRESSIVE;
				GCC_WARN_UNUSED_FUNCTION = YES;
				GCC_WARN_UNUSED_VARIABLE = YES;
				IPHONEOS_DEPLOYMENT_TARGET = 14.5;
				MTL_ENABLE_DEBUG_INFO = NO;
				MTL_FAST_MATH = YES;
				SDKROOT = iphoneos;
				SWIFT_COMPILATION_MODE = wholemodule;
				SWIFT_OPTIMIZATION_LEVEL = "-O";
				VALIDATE_PRODUCT = YES;
			};
			name = Release;
		};
		BF6770962669FE8500DFF9BE /* Debug */ = {
			isa = XCBuildConfiguration;
			buildSettings = {
				ASSETCATALOG_COMPILER_APPICON_NAME = AppIcon;
				ASSETCATALOG_COMPILER_GLOBAL_ACCENT_COLOR_NAME = AccentColor;
				CODE_SIGN_STYLE = Automatic;
				DEVELOPMENT_TEAM = 2BC2RKUHZ7;
				INFOPLIST_FILE = PrepZ/Info.plist;
				LD_RUNPATH_SEARCH_PATHS = (
					"$(inherited)",
					"@executable_path/Frameworks",
				);
				PRODUCT_BUNDLE_IDENTIFIER = byson.PrepZ;
				PRODUCT_NAME = "$(TARGET_NAME)";
				SWIFT_VERSION = 5.0;
				TARGETED_DEVICE_FAMILY = "1,2";
			};
			name = Debug;
		};
		BF6770972669FE8500DFF9BE /* Release */ = {
			isa = XCBuildConfiguration;
			buildSettings = {
				ASSETCATALOG_COMPILER_APPICON_NAME = AppIcon;
				ASSETCATALOG_COMPILER_GLOBAL_ACCENT_COLOR_NAME = AccentColor;
				CODE_SIGN_STYLE = Automatic;
				DEVELOPMENT_TEAM = 2BC2RKUHZ7;
				INFOPLIST_FILE = PrepZ/Info.plist;
				LD_RUNPATH_SEARCH_PATHS = (
					"$(inherited)",
					"@executable_path/Frameworks",
				);
				PRODUCT_BUNDLE_IDENTIFIER = byson.PrepZ;
				PRODUCT_NAME = "$(TARGET_NAME)";
				SWIFT_VERSION = 5.0;
				TARGETED_DEVICE_FAMILY = "1,2";
			};
			name = Release;
		};
		BF6770992669FE8500DFF9BE /* Debug */ = {
			isa = XCBuildConfiguration;
			buildSettings = {
				ALWAYS_EMBED_SWIFT_STANDARD_LIBRARIES = YES;
				BUNDLE_LOADER = "$(TEST_HOST)";
				CODE_SIGN_STYLE = Automatic;
				DEVELOPMENT_TEAM = 2BC2RKUHZ7;
				INFOPLIST_FILE = PrepZTests/Info.plist;
				IPHONEOS_DEPLOYMENT_TARGET = 14.5;
				LD_RUNPATH_SEARCH_PATHS = (
					"$(inherited)",
					"@executable_path/Frameworks",
					"@loader_path/Frameworks",
				);
				PRODUCT_BUNDLE_IDENTIFIER = byson.PrepZTests;
				PRODUCT_NAME = "$(TARGET_NAME)";
				SWIFT_VERSION = 5.0;
				TARGETED_DEVICE_FAMILY = "1,2";
				TEST_HOST = "$(BUILT_PRODUCTS_DIR)/PrepZ.app/PrepZ";
			};
			name = Debug;
		};
		BF67709A2669FE8500DFF9BE /* Release */ = {
			isa = XCBuildConfiguration;
			buildSettings = {
				ALWAYS_EMBED_SWIFT_STANDARD_LIBRARIES = YES;
				BUNDLE_LOADER = "$(TEST_HOST)";
				CODE_SIGN_STYLE = Automatic;
				DEVELOPMENT_TEAM = 2BC2RKUHZ7;
				INFOPLIST_FILE = PrepZTests/Info.plist;
				IPHONEOS_DEPLOYMENT_TARGET = 14.5;
				LD_RUNPATH_SEARCH_PATHS = (
					"$(inherited)",
					"@executable_path/Frameworks",
					"@loader_path/Frameworks",
				);
				PRODUCT_BUNDLE_IDENTIFIER = byson.PrepZTests;
				PRODUCT_NAME = "$(TARGET_NAME)";
				SWIFT_VERSION = 5.0;
				TARGETED_DEVICE_FAMILY = "1,2";
				TEST_HOST = "$(BUILT_PRODUCTS_DIR)/PrepZ.app/PrepZ";
			};
			name = Release;
		};
		BF67709C2669FE8500DFF9BE /* Debug */ = {
			isa = XCBuildConfiguration;
			buildSettings = {
				ALWAYS_EMBED_SWIFT_STANDARD_LIBRARIES = YES;
				CODE_SIGN_STYLE = Automatic;
				DEVELOPMENT_TEAM = 2BC2RKUHZ7;
				INFOPLIST_FILE = PrepZUITests/Info.plist;
				LD_RUNPATH_SEARCH_PATHS = (
					"$(inherited)",
					"@executable_path/Frameworks",
					"@loader_path/Frameworks",
				);
				PRODUCT_BUNDLE_IDENTIFIER = byson.PrepZUITests;
				PRODUCT_NAME = "$(TARGET_NAME)";
				SWIFT_VERSION = 5.0;
				TARGETED_DEVICE_FAMILY = "1,2";
				TEST_TARGET_NAME = PrepZ;
			};
			name = Debug;
		};
		BF67709D2669FE8500DFF9BE /* Release */ = {
			isa = XCBuildConfiguration;
			buildSettings = {
				ALWAYS_EMBED_SWIFT_STANDARD_LIBRARIES = YES;
				CODE_SIGN_STYLE = Automatic;
				DEVELOPMENT_TEAM = 2BC2RKUHZ7;
				INFOPLIST_FILE = PrepZUITests/Info.plist;
				LD_RUNPATH_SEARCH_PATHS = (
					"$(inherited)",
					"@executable_path/Frameworks",
					"@loader_path/Frameworks",
				);
				PRODUCT_BUNDLE_IDENTIFIER = byson.PrepZUITests;
				PRODUCT_NAME = "$(TARGET_NAME)";
				SWIFT_VERSION = 5.0;
				TARGETED_DEVICE_FAMILY = "1,2";
				TEST_TARGET_NAME = PrepZ;
			};
			name = Release;
		};
/* End XCBuildConfiguration section */

/* Begin XCConfigurationList section */
		BF6770632669FE8400DFF9BE /* Build configuration list for PBXProject "PrepZ" */ = {
			isa = XCConfigurationList;
			buildConfigurations = (
				BF6770932669FE8500DFF9BE /* Debug */,
				BF6770942669FE8500DFF9BE /* Release */,
			);
			defaultConfigurationIsVisible = 0;
			defaultConfigurationName = Release;
		};
		BF6770952669FE8500DFF9BE /* Build configuration list for PBXNativeTarget "PrepZ" */ = {
			isa = XCConfigurationList;
			buildConfigurations = (
				BF6770962669FE8500DFF9BE /* Debug */,
				BF6770972669FE8500DFF9BE /* Release */,
			);
			defaultConfigurationIsVisible = 0;
			defaultConfigurationName = Release;
		};
		BF6770982669FE8500DFF9BE /* Build configuration list for PBXNativeTarget "PrepZTests" */ = {
			isa = XCConfigurationList;
			buildConfigurations = (
				BF6770992669FE8500DFF9BE /* Debug */,
				BF67709A2669FE8500DFF9BE /* Release */,
			);
			defaultConfigurationIsVisible = 0;
			defaultConfigurationName = Release;
		};
		BF67709B2669FE8500DFF9BE /* Build configuration list for PBXNativeTarget "PrepZUITests" */ = {
			isa = XCConfigurationList;
			buildConfigurations = (
				BF67709C2669FE8500DFF9BE /* Debug */,
				BF67709D2669FE8500DFF9BE /* Release */,
			);
			defaultConfigurationIsVisible = 0;
			defaultConfigurationName = Release;
		};
/* End XCConfigurationList section */

/* Begin XCVersionGroup section */
		BF6770742669FE8500DFF9BE /* PrepZ.xcdatamodeld */ = {
			isa = XCVersionGroup;
			children = (
				BF6770752669FE8500DFF9BE /* PrepZ.xcdatamodel */,
			);
			currentVersion = BF6770752669FE8500DFF9BE /* PrepZ.xcdatamodel */;
			path = PrepZ.xcdatamodeld;
			sourceTree = "<group>";
			versionGroupType = wrapper.xcdatamodel;
		};
/* End XCVersionGroup section */
	};
	rootObject = BF6770602669FE8400DFF9BE /* Project object */;
}
